// !$*UTF8*$!
{
	archiveVersion = 1;
	classes = {
	};
	objectVersion = 46;
	objects = {

/* Begin PBXAggregateTarget section */
		3EAA6CE81CA244310037291F /* Build */ = {
			isa = PBXAggregateTarget;
			buildConfigurationList = 3EAA6CE91CA244310037291F /* Build configuration list for PBXAggregateTarget "Build" */;
			buildPhases = (
				3EAA6CEC1CA2444E0037291F /* Run Script */,
			);
			dependencies = (
			);
			name = Build;
			productName = Build;
		};
/* End PBXAggregateTarget section */

/* Begin PBXBuildFile section */
		3E1416891C9ABEFA00A84DF1 /* XDUIAppDelegate.mm in Sources */ = {isa = PBXBuildFile; fileRef = 3E14166A1C9ABEFA00A84DF1 /* XDUIAppDelegate.mm */; };
		3E14168A1C9ABEFA00A84DF1 /* XDUILib_ios.mm in Sources */ = {isa = PBXBuildFile; fileRef = 3E14166C1C9ABEFA00A84DF1 /* XDUILib_ios.mm */; };
		3E14168B1C9ABEFA00A84DF1 /* XDUIViewController.mm in Sources */ = {isa = PBXBuildFile; fileRef = 3E14166E1C9ABEFA00A84DF1 /* XDUIViewController.mm */; };
		3E1416B41C9B9DA300A84DF1 /* XApp.cpp in Sources */ = {isa = PBXBuildFile; fileRef = 3E1416B21C9B9DA300A84DF1 /* XApp.cpp */; };
		3E16D69B1CA9948A00F84510 /* XGifDecoder.cpp in Sources */ = {isa = PBXBuildFile; fileRef = 3E16D69A1CA9948A00F84510 /* XGifDecoder.cpp */; };
		3E16D69C1CA994A200F84510 /* XGifDecoder.hpp in Headers */ = {isa = PBXBuildFile; fileRef = 3E16D6991CA9948A00F84510 /* XGifDecoder.hpp */; settings = {ATTRIBUTES = (Public, ); }; };
		3E16D69D1CA994A600F84510 /* XGifDecoder.cpp in Sources */ = {isa = PBXBuildFile; fileRef = 3E16D69A1CA9948A00F84510 /* XGifDecoder.cpp */; };
		3E16D6AD1CAA007300F84510 /* libgiflib.a in Frameworks */ = {isa = PBXBuildFile; fileRef = 3E16D6AC1CAA007300F84510 /* libgiflib.a */; };
		3E16D6AE1CAA007300F84510 /* libgiflib.a in Frameworks */ = {isa = PBXBuildFile; fileRef = 3E16D6AC1CAA007300F84510 /* libgiflib.a */; };
		3E203C6F1CA15A7100757788 /* XData.cpp in Sources */ = {isa = PBXBuildFile; fileRef = 3E203C691CA15A7100757788 /* XData.cpp */; };
		3E203C701CA15A7100757788 /* XError.cpp in Sources */ = {isa = PBXBuildFile; fileRef = 3E203C6B1CA15A7100757788 /* XError.cpp */; };
		3E203C711CA15A7100757788 /* XString.cpp in Sources */ = {isa = PBXBuildFile; fileRef = 3E203C6D1CA15A7100757788 /* XString.cpp */; };
		3E203C7F1CA15A8400757788 /* XImage.cpp in Sources */ = {isa = PBXBuildFile; fileRef = 3E203C761CA15A8400757788 /* XImage.cpp */; };
		3E203C801CA15A8400757788 /* XImageDecoder.cpp in Sources */ = {isa = PBXBuildFile; fileRef = 3E203C781CA15A8400757788 /* XImageDecoder.cpp */; };
		3E203C811CA15A8400757788 /* XJPGDecoder.cpp in Sources */ = {isa = PBXBuildFile; fileRef = 3E203C7A1CA15A8400757788 /* XJPGDecoder.cpp */; };
		3E203C821CA15A8400757788 /* XPngDecoder.cpp in Sources */ = {isa = PBXBuildFile; fileRef = 3E203C7C1CA15A8400757788 /* XPngDecoder.cpp */; };
		3E21D1081CAABDA200590427 /* XWindow.cpp in Sources */ = {isa = PBXBuildFile; fileRef = 3E21D1071CAABDA200590427 /* XWindow.cpp */; };
		3E21D1091CAABDA700590427 /* XWindow.cpp in Sources */ = {isa = PBXBuildFile; fileRef = 3E21D1071CAABDA200590427 /* XWindow.cpp */; };
		3E21D10B1CAABEF400590427 /* XWindow_ios.hpp in Headers */ = {isa = PBXBuildFile; fileRef = 3E21D10A1CAABEF400590427 /* XWindow_ios.hpp */; };
		3E21D10D1CAAC7E800590427 /* GLKit.framework in Frameworks */ = {isa = PBXBuildFile; fileRef = 3E21D10C1CAAC7E800590427 /* GLKit.framework */; };
		3E3FF88F1CA26CFD0070F6A5 /* GLRender.cpp in Sources */ = {isa = PBXBuildFile; fileRef = 3E3FF88D1CA26CFD0070F6A5 /* GLRender.cpp */; };
		3E3FF8951CA26FE20070F6A5 /* GLRenderData.cpp in Sources */ = {isa = PBXBuildFile; fileRef = 3E3FF8931CA26FE20070F6A5 /* GLRenderData.cpp */; };
		3E3FF8961CA26FE20070F6A5 /* GLRenderData.cpp in Sources */ = {isa = PBXBuildFile; fileRef = 3E3FF8931CA26FE20070F6A5 /* GLRenderData.cpp */; };
		3E3FF8971CA26FE20070F6A5 /* GLRenderData.hpp in Headers */ = {isa = PBXBuildFile; fileRef = 3E3FF8941CA26FE20070F6A5 /* GLRenderData.hpp */; };
		3E3FF89A1CA28D480070F6A5 /* GLCanvas.cpp in Sources */ = {isa = PBXBuildFile; fileRef = 3E3FF8981CA28D480070F6A5 /* GLCanvas.cpp */; };
		3E3FF9031CA2E2220070F6A5 /* libjpeg.a in Frameworks */ = {isa = PBXBuildFile; fileRef = 3E3FF8F61CA2E2210070F6A5 /* libjpeg.a */; };
		3E3FF9041CA2E2220070F6A5 /* libjpeg.a in Frameworks */ = {isa = PBXBuildFile; fileRef = 3E3FF8F61CA2E2210070F6A5 /* libjpeg.a */; };
		3E3FF9051CA2E2220070F6A5 /* libpng.a in Frameworks */ = {isa = PBXBuildFile; fileRef = 3E3FF8F71CA2E2210070F6A5 /* libpng.a */; };
		3E3FF9061CA2E2220070F6A5 /* libpng.a in Frameworks */ = {isa = PBXBuildFile; fileRef = 3E3FF8F71CA2E2210070F6A5 /* libpng.a */; };
		3E466D451CC681840068A4E6 /* libcurl.a in Frameworks */ = {isa = PBXBuildFile; fileRef = 3E466D431CC681840068A4E6 /* libcurl.a */; };
		3E466D461CC681840068A4E6 /* libcurl.a in Frameworks */ = {isa = PBXBuildFile; fileRef = 3E466D431CC681840068A4E6 /* libcurl.a */; };
		3E466D4B1CC682080068A4E6 /* libcrypto.a in Frameworks */ = {isa = PBXBuildFile; fileRef = 3E466D491CC682080068A4E6 /* libcrypto.a */; };
		3E466D4C1CC682080068A4E6 /* libcrypto.a in Frameworks */ = {isa = PBXBuildFile; fileRef = 3E466D491CC682080068A4E6 /* libcrypto.a */; };
		3E466D4D1CC682080068A4E6 /* libssl.a in Frameworks */ = {isa = PBXBuildFile; fileRef = 3E466D4A1CC682080068A4E6 /* libssl.a */; };
		3E466D4E1CC682080068A4E6 /* libssl.a in Frameworks */ = {isa = PBXBuildFile; fileRef = 3E466D4A1CC682080068A4E6 /* libssl.a */; };
		3E7F4F101CC60A49001D0C58 /* XHTTPClientImpl.hpp in Headers */ = {isa = PBXBuildFile; fileRef = 3E7F4F0F1CC60A49001D0C58 /* XHTTPClientImpl.hpp */; };
		3E7F4F1A1CC60A61001D0C58 /* XDispatch.cpp in Sources */ = {isa = PBXBuildFile; fileRef = 3E7F4F121CC60A61001D0C58 /* XDispatch.cpp */; };
		3E7F4F1B1CC60A61001D0C58 /* XDispatch.cpp in Sources */ = {isa = PBXBuildFile; fileRef = 3E7F4F121CC60A61001D0C58 /* XDispatch.cpp */; };
		3E7F4F1C1CC60A61001D0C58 /* XDispatch.h in Headers */ = {isa = PBXBuildFile; fileRef = 3E7F4F131CC60A61001D0C58 /* XDispatch.h */; };
		3E7F4F1D1CC60A61001D0C58 /* XRunLoop.cpp in Sources */ = {isa = PBXBuildFile; fileRef = 3E7F4F141CC60A61001D0C58 /* XRunLoop.cpp */; };
		3E7F4F1E1CC60A61001D0C58 /* XRunLoop.cpp in Sources */ = {isa = PBXBuildFile; fileRef = 3E7F4F141CC60A61001D0C58 /* XRunLoop.cpp */; };
		3E7F4F1F1CC60A61001D0C58 /* XRunLoop.hpp in Headers */ = {isa = PBXBuildFile; fileRef = 3E7F4F151CC60A61001D0C58 /* XRunLoop.hpp */; };
		3E7F4F201CC60A61001D0C58 /* XTask.cpp in Sources */ = {isa = PBXBuildFile; fileRef = 3E7F4F161CC60A61001D0C58 /* XTask.cpp */; };
		3E7F4F211CC60A61001D0C58 /* XTask.cpp in Sources */ = {isa = PBXBuildFile; fileRef = 3E7F4F161CC60A61001D0C58 /* XTask.cpp */; };
		3E7F4F221CC60A61001D0C58 /* XTask.hpp in Headers */ = {isa = PBXBuildFile; fileRef = 3E7F4F171CC60A61001D0C58 /* XTask.hpp */; };
		3E7F4F231CC60A61001D0C58 /* XTaskQueue.cpp in Sources */ = {isa = PBXBuildFile; fileRef = 3E7F4F181CC60A61001D0C58 /* XTaskQueue.cpp */; };
		3E7F4F241CC60A61001D0C58 /* XTaskQueue.cpp in Sources */ = {isa = PBXBuildFile; fileRef = 3E7F4F181CC60A61001D0C58 /* XTaskQueue.cpp */; };
		3E7F4F251CC60A61001D0C58 /* XTaskQueue.hpp in Headers */ = {isa = PBXBuildFile; fileRef = 3E7F4F191CC60A61001D0C58 /* XTaskQueue.hpp */; };
		3E7F4F271CC60A73001D0C58 /* XMainRunLoop_IOS.mm in Sources */ = {isa = PBXBuildFile; fileRef = 3E7F4F261CC60A73001D0C58 /* XMainRunLoop_IOS.mm */; };
		3E7F4F281CC60A73001D0C58 /* XMainRunLoop_IOS.mm in Sources */ = {isa = PBXBuildFile; fileRef = 3E7F4F261CC60A73001D0C58 /* XMainRunLoop_IOS.mm */; };
		3E8BF0951CAC0A9500A61A69 /* XTouch.cpp in Sources */ = {isa = PBXBuildFile; fileRef = 3E8BF0931CAC0A9500A61A69 /* XTouch.cpp */; };
		3E8BF0961CAC0A9500A61A69 /* XTouch.cpp in Sources */ = {isa = PBXBuildFile; fileRef = 3E8BF0931CAC0A9500A61A69 /* XTouch.cpp */; };
		3E8BF0971CAC0A9500A61A69 /* XTouch.hpp in Headers */ = {isa = PBXBuildFile; fileRef = 3E8BF0941CAC0A9500A61A69 /* XTouch.hpp */; };
		3E8BF09A1CAC0ACC00A61A69 /* XInput.cpp in Sources */ = {isa = PBXBuildFile; fileRef = 3E8BF0981CAC0ACC00A61A69 /* XInput.cpp */; };
		3E8BF09B1CAC0ACC00A61A69 /* XInput.cpp in Sources */ = {isa = PBXBuildFile; fileRef = 3E8BF0981CAC0ACC00A61A69 /* XInput.cpp */; };
		3E8BF09C1CAC0ACC00A61A69 /* XInput.hpp in Headers */ = {isa = PBXBuildFile; fileRef = 3E8BF0991CAC0ACC00A61A69 /* XInput.hpp */; };
		3E8D12061CBFA2F900EC385D /* XHTTPClient.cpp in Sources */ = {isa = PBXBuildFile; fileRef = 3E8D12041CBFA2F900EC385D /* XHTTPClient.cpp */; };
		3E8D12071CBFA2F900EC385D /* XHTTPClient.cpp in Sources */ = {isa = PBXBuildFile; fileRef = 3E8D12041CBFA2F900EC385D /* XHTTPClient.cpp */; };
		3E8D12081CBFA2F900EC385D /* XHTTPClient.hpp in Headers */ = {isa = PBXBuildFile; fileRef = 3E8D12051CBFA2F900EC385D /* XHTTPClient.hpp */; };
		3E8D120B1CBFA3B900EC385D /* XMouse.hpp in Headers */ = {isa = PBXBuildFile; fileRef = 3E8D12091CBFA3B900EC385D /* XMouse.hpp */; };
		3E8D120C1CBFA3B900EC385D /* XMouse.cpp in Sources */ = {isa = PBXBuildFile; fileRef = 3E8D120A1CBFA3B900EC385D /* XMouse.cpp */; };
		3E8D120D1CBFA3B900EC385D /* XMouse.cpp in Sources */ = {isa = PBXBuildFile; fileRef = 3E8D120A1CBFA3B900EC385D /* XMouse.cpp */; };
		3E9608291CA7C53200FE8008 /* UIView.cpp in Sources */ = {isa = PBXBuildFile; fileRef = 3E9608281CA7C53200FE8008 /* UIView.cpp */; };
		3E9608331CA7E8E800FE8008 /* GLProgram.hpp in Headers */ = {isa = PBXBuildFile; fileRef = 3E9608311CA7E8E800FE8008 /* GLProgram.hpp */; };
		3E9608341CA7E8E800FE8008 /* GLProgram.cpp in Sources */ = {isa = PBXBuildFile; fileRef = 3E9608321CA7E8E800FE8008 /* GLProgram.cpp */; };
		3E9608351CA7E8E800FE8008 /* GLProgram.cpp in Sources */ = {isa = PBXBuildFile; fileRef = 3E9608321CA7E8E800FE8008 /* GLProgram.cpp */; };
		3E9608381CA7EEF600FE8008 /* XResManager.cpp in Sources */ = {isa = PBXBuildFile; fileRef = 3E9608361CA7EEF600FE8008 /* XResManager.cpp */; };
		3E9608391CA7EEF600FE8008 /* XResManager.cpp in Sources */ = {isa = PBXBuildFile; fileRef = 3E9608361CA7EEF600FE8008 /* XResManager.cpp */; };
		3E96083A1CA7EEF600FE8008 /* XResManager.hpp in Headers */ = {isa = PBXBuildFile; fileRef = 3E9608371CA7EEF600FE8008 /* XResManager.hpp */; };
		3EAA6CD61CA23A220037291F /* XResourceManager.mm in Sources */ = {isa = PBXBuildFile; fileRef = 3EAA6CD51CA23A220037291F /* XResourceManager.mm */; };
		3EAA6CED1CA248570037291F /* XDUILib.hpp in Headers */ = {isa = PBXBuildFile; fileRef = 3E1416881C9ABEFA00A84DF1 /* XDUILib.hpp */; settings = {ATTRIBUTES = (Public, ); }; };
		3EAA6CEF1CA248BE0037291F /* UIKit.framework in Frameworks */ = {isa = PBXBuildFile; fileRef = 3EAA6CEE1CA248BE0037291F /* UIKit.framework */; };
		3EAA6CF11CA248C90037291F /* QuartzCore.framework in Frameworks */ = {isa = PBXBuildFile; fileRef = 3EAA6CF01CA248C90037291F /* QuartzCore.framework */; };
		3EAA6CF31CA248CF0037291F /* OpenGLES.framework in Frameworks */ = {isa = PBXBuildFile; fileRef = 3EAA6CF21CA248CF0037291F /* OpenGLES.framework */; };
		3EAA6D0C1CA24A8E0037291F /* DllExport.hpp in Sources */ = {isa = PBXBuildFile; fileRef = 3EB9885D1C9BE3C100B9B23E /* DllExport.hpp */; };
		3EAA6D0D1CA24A8E0037291F /* UIView.hpp in Sources */ = {isa = PBXBuildFile; fileRef = 3EB988521C9BE00500B9B23E /* UIView.hpp */; };
		3EAA6D0E1CA24A8E0037291F /* IXWindow.hpp in Sources */ = {isa = PBXBuildFile; fileRef = 3E1416A61C9B93F600A84DF1 /* IXWindow.hpp */; };
		3EAA6D0F1CA24A8E0037291F /* IXCanvas.hpp in Sources */ = {isa = PBXBuildFile; fileRef = 3E1416A71C9B93F600A84DF1 /* IXCanvas.hpp */; };
		3EAA6D101CA24A8E0037291F /* IXRender.hpp in Sources */ = {isa = PBXBuildFile; fileRef = 3E1416A81C9B93F600A84DF1 /* IXRender.hpp */; };
		3EAA6D111CA24A8E0037291F /* XRenderFactory.hpp in Sources */ = {isa = PBXBuildFile; fileRef = 3E1416AD1C9B93F600A84DF1 /* XRenderFactory.hpp */; };
		3EAA6D131CA24A8E0037291F /* stdafx.hpp in Sources */ = {isa = PBXBuildFile; fileRef = 3E1416AA1C9B93F600A84DF1 /* stdafx.hpp */; };
		3EAA6D141CA24A8E0037291F /* stdafx.cpp in Sources */ = {isa = PBXBuildFile; fileRef = 3EB9885B1C9BE21B00B9B23E /* stdafx.cpp */; };
		3EAA6D151CA24A8E0037291F /* XNode.hpp in Sources */ = {isa = PBXBuildFile; fileRef = 3E1416AC1C9B93F600A84DF1 /* XNode.hpp */; };
		3EAA6D161CA24A8E0037291F /* XRoot.hpp in Sources */ = {isa = PBXBuildFile; fileRef = 3E1416AE1C9B93F600A84DF1 /* XRoot.hpp */; };
		3EAA6D171CA24A8E0037291F /* XApp.cpp in Sources */ = {isa = PBXBuildFile; fileRef = 3E1416B21C9B9DA300A84DF1 /* XApp.cpp */; };
		3EAA6D181CA24A8E0037291F /* XApp.hpp in Sources */ = {isa = PBXBuildFile; fileRef = 3E1416B31C9B9DA300A84DF1 /* XApp.hpp */; };
		3EAA6D191CA24A8E0037291F /* IXImage.hpp in Sources */ = {isa = PBXBuildFile; fileRef = 3E203C731CA15A8400757788 /* IXImage.hpp */; };
		3EAA6D1C1CA24A8E0037291F /* XImage.cpp in Sources */ = {isa = PBXBuildFile; fileRef = 3E203C761CA15A8400757788 /* XImage.cpp */; };
		3EAA6D1D1CA24A8E0037291F /* XImage.hpp in Sources */ = {isa = PBXBuildFile; fileRef = 3E203C771CA15A8400757788 /* XImage.hpp */; };
		3EAA6D1E1CA24A8E0037291F /* XImageDecoder.cpp in Sources */ = {isa = PBXBuildFile; fileRef = 3E203C781CA15A8400757788 /* XImageDecoder.cpp */; };
		3EAA6D1F1CA24A8E0037291F /* XImageDecoder.hpp in Sources */ = {isa = PBXBuildFile; fileRef = 3E203C791CA15A8400757788 /* XImageDecoder.hpp */; };
		3EAA6D201CA24A8E0037291F /* XJPGDecoder.cpp in Sources */ = {isa = PBXBuildFile; fileRef = 3E203C7A1CA15A8400757788 /* XJPGDecoder.cpp */; };
		3EAA6D211CA24A8E0037291F /* XJPGDecoder.hpp in Sources */ = {isa = PBXBuildFile; fileRef = 3E203C7B1CA15A8400757788 /* XJPGDecoder.hpp */; };
		3EAA6D221CA24A8E0037291F /* XPngDecoder.cpp in Sources */ = {isa = PBXBuildFile; fileRef = 3E203C7C1CA15A8400757788 /* XPngDecoder.cpp */; };
		3EAA6D231CA24A8E0037291F /* XPngDecoder.hpp in Sources */ = {isa = PBXBuildFile; fileRef = 3E203C7D1CA15A8400757788 /* XPngDecoder.hpp */; };
		3EAA6D241CA24A8E0037291F /* XData.cpp in Sources */ = {isa = PBXBuildFile; fileRef = 3E203C691CA15A7100757788 /* XData.cpp */; };
		3EAA6D251CA24A8E0037291F /* XData.hpp in Sources */ = {isa = PBXBuildFile; fileRef = 3E203C6A1CA15A7100757788 /* XData.hpp */; };
		3EAA6D261CA24A8E0037291F /* XError.cpp in Sources */ = {isa = PBXBuildFile; fileRef = 3E203C6B1CA15A7100757788 /* XError.cpp */; };
		3EAA6D271CA24A8E0037291F /* XError.hpp in Sources */ = {isa = PBXBuildFile; fileRef = 3E203C6C1CA15A7100757788 /* XError.hpp */; };
		3EAA6D281CA24A8E0037291F /* XString.cpp in Sources */ = {isa = PBXBuildFile; fileRef = 3E203C6D1CA15A7100757788 /* XString.cpp */; };
		3EAA6D291CA24A8E0037291F /* XString.hpp in Sources */ = {isa = PBXBuildFile; fileRef = 3E203C6E1CA15A7100757788 /* XString.hpp */; };
		3EAA6D2A1CA24A8E0037291F /* XRect.cpp in Sources */ = {isa = PBXBuildFile; fileRef = 3EB988551C9BE15C00B9B23E /* XRect.cpp */; };
		3EAA6D2B1CA24A8E0037291F /* XRect.hpp in Sources */ = {isa = PBXBuildFile; fileRef = 3EB988561C9BE15C00B9B23E /* XRect.hpp */; };
		3EAA6D2C1CA24A8E0037291F /* XRectPro.hpp in Sources */ = {isa = PBXBuildFile; fileRef = 3EB988571C9BE15C00B9B23E /* XRectPro.hpp */; };
		3EAA6D2D1CA24A8E0037291F /* XResource.hpp in Sources */ = {isa = PBXBuildFile; fileRef = 3EB988581C9BE15C00B9B23E /* XResource.hpp */; };
		3EAA6D2F1CA24A8E0037291F /* XResourceManager.mm in Sources */ = {isa = PBXBuildFile; fileRef = 3EAA6CD51CA23A220037291F /* XResourceManager.mm */; };
		3EAA6D301CA24A8E0037291F /* GLCanvas_ios.hpp in Sources */ = {isa = PBXBuildFile; fileRef = 3EB9886D1C9FA29200B9B23E /* GLCanvas_ios.hpp */; };
		3EAA6D311CA24A8E0037291F /* GLCanvas_ios.mm in Sources */ = {isa = PBXBuildFile; fileRef = 3EB9886E1C9FA29200B9B23E /* GLCanvas_ios.mm */; };
		3EAA6D331CA24A8E0037291F /* XWindow_ios.mm in Sources */ = {isa = PBXBuildFile; fileRef = 3EB988501C9BD65600B9B23E /* XWindow_ios.mm */; };
		3EAA6D341CA24A8E0037291F /* XDUIAppDelegate.h in Sources */ = {isa = PBXBuildFile; fileRef = 3E1416691C9ABEFA00A84DF1 /* XDUIAppDelegate.h */; };
		3EAA6D351CA24A8E0037291F /* XDUIAppDelegate.mm in Sources */ = {isa = PBXBuildFile; fileRef = 3E14166A1C9ABEFA00A84DF1 /* XDUIAppDelegate.mm */; };
		3EAA6D361CA24A8E0037291F /* XDUILib_ios.hpp in Sources */ = {isa = PBXBuildFile; fileRef = 3E14166B1C9ABEFA00A84DF1 /* XDUILib_ios.hpp */; };
		3EAA6D371CA24A8E0037291F /* XDUILib_ios.mm in Sources */ = {isa = PBXBuildFile; fileRef = 3E14166C1C9ABEFA00A84DF1 /* XDUILib_ios.mm */; };
		3EAA6D381CA24A8E0037291F /* XDUIViewController.h in Sources */ = {isa = PBXBuildFile; fileRef = 3E14166D1C9ABEFA00A84DF1 /* XDUIViewController.h */; };
		3EAA6D391CA24A8E0037291F /* XDUIViewController.mm in Sources */ = {isa = PBXBuildFile; fileRef = 3E14166E1C9ABEFA00A84DF1 /* XDUIViewController.mm */; };
		3EAA6D3C1CA24A8E0037291F /* XDUILib.hpp in Sources */ = {isa = PBXBuildFile; fileRef = 3E1416881C9ABEFA00A84DF1 /* XDUILib.hpp */; };
		3EB988511C9BD65600B9B23E /* XWindow_ios.mm in Sources */ = {isa = PBXBuildFile; fileRef = 3EB988501C9BD65600B9B23E /* XWindow_ios.mm */; };
		3EB9885A1C9BE15C00B9B23E /* XRect.cpp in Sources */ = {isa = PBXBuildFile; fileRef = 3EB988551C9BE15C00B9B23E /* XRect.cpp */; };
		3EB9885C1C9BE21B00B9B23E /* stdafx.cpp in Sources */ = {isa = PBXBuildFile; fileRef = 3EB9885B1C9BE21B00B9B23E /* stdafx.cpp */; };
		3EB9886F1C9FA29200B9B23E /* GLCanvas_ios.mm in Sources */ = {isa = PBXBuildFile; fileRef = 3EB9886E1C9FA29200B9B23E /* GLCanvas_ios.mm */; };
		3EC92D9B1CAB9B9D00CF012C /* GLView.m in Sources */ = {isa = PBXBuildFile; fileRef = 3EC92D9A1CAB9B9D00CF012C /* GLView.m */; };
		3EDFDB8E1CCB54AC0079AF51 /* XHTTPHeader.cpp in Sources */ = {isa = PBXBuildFile; fileRef = 3EDFDB8C1CCB54AC0079AF51 /* XHTTPHeader.cpp */; };
		3EDFDB8F1CCB54AC0079AF51 /* XHTTPHeader.cpp in Sources */ = {isa = PBXBuildFile; fileRef = 3EDFDB8C1CCB54AC0079AF51 /* XHTTPHeader.cpp */; };
		3EDFDB901CCB54AC0079AF51 /* XHTTPHeader.hpp in Headers */ = {isa = PBXBuildFile; fileRef = 3EDFDB8D1CCB54AC0079AF51 /* XHTTPHeader.hpp */; };
		3EDFDB931CCB54BC0079AF51 /* XHTTPRequest.cpp in Sources */ = {isa = PBXBuildFile; fileRef = 3EDFDB911CCB54BC0079AF51 /* XHTTPRequest.cpp */; };
		3EDFDB941CCB54BC0079AF51 /* XHTTPRequest.cpp in Sources */ = {isa = PBXBuildFile; fileRef = 3EDFDB911CCB54BC0079AF51 /* XHTTPRequest.cpp */; };
		3EDFDB951CCB54BC0079AF51 /* XHTTPRequest.hpp in Headers */ = {isa = PBXBuildFile; fileRef = 3EDFDB921CCB54BC0079AF51 /* XHTTPRequest.hpp */; };
		3EDFDB981CCB54DF0079AF51 /* XHTTPResponse.cpp in Sources */ = {isa = PBXBuildFile; fileRef = 3EDFDB961CCB54DF0079AF51 /* XHTTPResponse.cpp */; };
		3EDFDB991CCB54DF0079AF51 /* XHTTPResponse.cpp in Sources */ = {isa = PBXBuildFile; fileRef = 3EDFDB961CCB54DF0079AF51 /* XHTTPResponse.cpp */; };
		3EDFDB9A1CCB54DF0079AF51 /* XHTTPResponse.hpp in Headers */ = {isa = PBXBuildFile; fileRef = 3EDFDB971CCB54DF0079AF51 /* XHTTPResponse.hpp */; };
		3EDFDB9D1CCB55310079AF51 /* XHTTPRequestHandler.cpp in Sources */ = {isa = PBXBuildFile; fileRef = 3EDFDB9B1CCB55310079AF51 /* XHTTPRequestHandler.cpp */; };
		3EDFDB9E1CCB55310079AF51 /* XHTTPRequestHandler.cpp in Sources */ = {isa = PBXBuildFile; fileRef = 3EDFDB9B1CCB55310079AF51 /* XHTTPRequestHandler.cpp */; };
		3EDFDB9F1CCB55310079AF51 /* XHTTPRequestHandler.hpp in Headers */ = {isa = PBXBuildFile; fileRef = 3EDFDB9C1CCB55310079AF51 /* XHTTPRequestHandler.hpp */; };
/* End PBXBuildFile section */

/* Begin PBXCopyFilesBuildPhase section */
		3E14159C1C9AA7C500A84DF1 /* CopyFiles */ = {
			isa = PBXCopyFilesBuildPhase;
			buildActionMask = 2147483647;
			dstPath = "include/$(PRODUCT_NAME)";
			dstSubfolderSpec = 16;
			files = (
			);
			runOnlyForDeploymentPostprocessing = 0;
		};
/* End PBXCopyFilesBuildPhase section */

/* Begin PBXFileReference section */
		3E14159E1C9AA7C500A84DF1 /* libXDUILib.a */ = {isa = PBXFileReference; explicitFileType = archive.ar; includeInIndex = 0; path = libXDUILib.a; sourceTree = BUILT_PRODUCTS_DIR; };
		3E1416691C9ABEFA00A84DF1 /* XDUIAppDelegate.h */ = {isa = PBXFileReference; fileEncoding = 4; lastKnownFileType = sourcecode.c.h; path = XDUIAppDelegate.h; sourceTree = "<group>"; };
		3E14166A1C9ABEFA00A84DF1 /* XDUIAppDelegate.mm */ = {isa = PBXFileReference; fileEncoding = 4; lastKnownFileType = sourcecode.cpp.objcpp; path = XDUIAppDelegate.mm; sourceTree = "<group>"; };
		3E14166B1C9ABEFA00A84DF1 /* XDUILib_ios.hpp */ = {isa = PBXFileReference; fileEncoding = 4; lastKnownFileType = sourcecode.cpp.h; path = XDUILib_ios.hpp; sourceTree = "<group>"; };
		3E14166C1C9ABEFA00A84DF1 /* XDUILib_ios.mm */ = {isa = PBXFileReference; fileEncoding = 4; lastKnownFileType = sourcecode.cpp.objcpp; path = XDUILib_ios.mm; sourceTree = "<group>"; };
		3E14166D1C9ABEFA00A84DF1 /* XDUIViewController.h */ = {isa = PBXFileReference; fileEncoding = 4; lastKnownFileType = sourcecode.c.h; path = XDUIViewController.h; sourceTree = "<group>"; };
		3E14166E1C9ABEFA00A84DF1 /* XDUIViewController.mm */ = {isa = PBXFileReference; fileEncoding = 4; lastKnownFileType = sourcecode.cpp.objcpp; path = XDUIViewController.mm; sourceTree = "<group>"; };
		3E1416881C9ABEFA00A84DF1 /* XDUILib.hpp */ = {isa = PBXFileReference; fileEncoding = 4; lastKnownFileType = sourcecode.cpp.h; path = XDUILib.hpp; sourceTree = "<group>"; };
		3E1416A61C9B93F600A84DF1 /* IXWindow.hpp */ = {isa = PBXFileReference; lastKnownFileType = sourcecode.cpp.h; path = IXWindow.hpp; sourceTree = "<group>"; };
		3E1416A71C9B93F600A84DF1 /* IXCanvas.hpp */ = {isa = PBXFileReference; lastKnownFileType = sourcecode.cpp.h; path = IXCanvas.hpp; sourceTree = "<group>"; };
		3E1416A81C9B93F600A84DF1 /* IXRender.hpp */ = {isa = PBXFileReference; lastKnownFileType = sourcecode.cpp.h; path = IXRender.hpp; sourceTree = "<group>"; };
		3E1416AA1C9B93F600A84DF1 /* stdafx.hpp */ = {isa = PBXFileReference; explicitFileType = sourcecode.cpp.h; fileEncoding = 4; path = stdafx.hpp; sourceTree = "<group>"; };
		3E1416AC1C9B93F600A84DF1 /* XNode.hpp */ = {isa = PBXFileReference; lastKnownFileType = sourcecode.cpp.h; path = XNode.hpp; sourceTree = "<group>"; };
		3E1416AD1C9B93F600A84DF1 /* XRenderFactory.hpp */ = {isa = PBXFileReference; lastKnownFileType = sourcecode.cpp.h; path = XRenderFactory.hpp; sourceTree = "<group>"; };
		3E1416AE1C9B93F600A84DF1 /* XRoot.hpp */ = {isa = PBXFileReference; lastKnownFileType = sourcecode.cpp.h; path = XRoot.hpp; sourceTree = "<group>"; };
		3E1416B21C9B9DA300A84DF1 /* XApp.cpp */ = {isa = PBXFileReference; fileEncoding = 4; lastKnownFileType = sourcecode.cpp.cpp; path = XApp.cpp; sourceTree = "<group>"; };
		3E1416B31C9B9DA300A84DF1 /* XApp.hpp */ = {isa = PBXFileReference; fileEncoding = 4; lastKnownFileType = sourcecode.cpp.h; path = XApp.hpp; sourceTree = "<group>"; };
		3E16D6991CA9948A00F84510 /* XGifDecoder.hpp */ = {isa = PBXFileReference; fileEncoding = 4; lastKnownFileType = sourcecode.cpp.h; path = XGifDecoder.hpp; sourceTree = "<group>"; };
		3E16D69A1CA9948A00F84510 /* XGifDecoder.cpp */ = {isa = PBXFileReference; fileEncoding = 4; lastKnownFileType = sourcecode.cpp.cpp; path = XGifDecoder.cpp; sourceTree = "<group>"; };
		3E16D6AC1CAA007300F84510 /* libgiflib.a */ = {isa = PBXFileReference; lastKnownFileType = archive.ar; name = libgiflib.a; path = ../../../ThirdParty/prebuilt/ios/libgiflib.a; sourceTree = "<group>"; };
		3E203C691CA15A7100757788 /* XData.cpp */ = {isa = PBXFileReference; fileEncoding = 4; lastKnownFileType = sourcecode.cpp.cpp; path = XData.cpp; sourceTree = "<group>"; };
		3E203C6A1CA15A7100757788 /* XData.hpp */ = {isa = PBXFileReference; fileEncoding = 4; lastKnownFileType = sourcecode.cpp.h; path = XData.hpp; sourceTree = "<group>"; };
		3E203C6B1CA15A7100757788 /* XError.cpp */ = {isa = PBXFileReference; fileEncoding = 4; lastKnownFileType = sourcecode.cpp.cpp; path = XError.cpp; sourceTree = "<group>"; };
		3E203C6C1CA15A7100757788 /* XError.hpp */ = {isa = PBXFileReference; fileEncoding = 4; lastKnownFileType = sourcecode.cpp.h; path = XError.hpp; sourceTree = "<group>"; };
		3E203C6D1CA15A7100757788 /* XString.cpp */ = {isa = PBXFileReference; fileEncoding = 4; lastKnownFileType = sourcecode.cpp.cpp; path = XString.cpp; sourceTree = "<group>"; };
		3E203C6E1CA15A7100757788 /* XString.hpp */ = {isa = PBXFileReference; fileEncoding = 4; lastKnownFileType = sourcecode.cpp.h; path = XString.hpp; sourceTree = "<group>"; };
		3E203C731CA15A8400757788 /* IXImage.hpp */ = {isa = PBXFileReference; fileEncoding = 4; lastKnownFileType = sourcecode.cpp.h; path = IXImage.hpp; sourceTree = "<group>"; };
		3E203C761CA15A8400757788 /* XImage.cpp */ = {isa = PBXFileReference; fileEncoding = 4; lastKnownFileType = sourcecode.cpp.cpp; path = XImage.cpp; sourceTree = "<group>"; };
		3E203C771CA15A8400757788 /* XImage.hpp */ = {isa = PBXFileReference; fileEncoding = 4; lastKnownFileType = sourcecode.cpp.h; path = XImage.hpp; sourceTree = "<group>"; };
		3E203C781CA15A8400757788 /* XImageDecoder.cpp */ = {isa = PBXFileReference; fileEncoding = 4; lastKnownFileType = sourcecode.cpp.cpp; path = XImageDecoder.cpp; sourceTree = "<group>"; };
		3E203C791CA15A8400757788 /* XImageDecoder.hpp */ = {isa = PBXFileReference; fileEncoding = 4; lastKnownFileType = sourcecode.cpp.h; path = XImageDecoder.hpp; sourceTree = "<group>"; };
		3E203C7A1CA15A8400757788 /* XJPGDecoder.cpp */ = {isa = PBXFileReference; fileEncoding = 4; lastKnownFileType = sourcecode.cpp.cpp; path = XJPGDecoder.cpp; sourceTree = "<group>"; };
		3E203C7B1CA15A8400757788 /* XJPGDecoder.hpp */ = {isa = PBXFileReference; fileEncoding = 4; lastKnownFileType = sourcecode.cpp.h; path = XJPGDecoder.hpp; sourceTree = "<group>"; };
		3E203C7C1CA15A8400757788 /* XPngDecoder.cpp */ = {isa = PBXFileReference; fileEncoding = 4; lastKnownFileType = sourcecode.cpp.cpp; path = XPngDecoder.cpp; sourceTree = "<group>"; };
		3E203C7D1CA15A8400757788 /* XPngDecoder.hpp */ = {isa = PBXFileReference; fileEncoding = 4; lastKnownFileType = sourcecode.cpp.h; path = XPngDecoder.hpp; sourceTree = "<group>"; };
		3E21D1071CAABDA200590427 /* XWindow.cpp */ = {isa = PBXFileReference; fileEncoding = 4; lastKnownFileType = sourcecode.cpp.cpp; path = XWindow.cpp; sourceTree = "<group>"; };
		3E21D10A1CAABEF400590427 /* XWindow_ios.hpp */ = {isa = PBXFileReference; fileEncoding = 4; lastKnownFileType = sourcecode.cpp.h; path = XWindow_ios.hpp; sourceTree = "<group>"; };
		3E21D10C1CAAC7E800590427 /* GLKit.framework */ = {isa = PBXFileReference; lastKnownFileType = wrapper.framework; name = GLKit.framework; path = System/Library/Frameworks/GLKit.framework; sourceTree = SDKROOT; };
		3E3FF88D1CA26CFD0070F6A5 /* GLRender.cpp */ = {isa = PBXFileReference; fileEncoding = 4; lastKnownFileType = sourcecode.cpp.cpp; path = GLRender.cpp; sourceTree = "<group>"; };
		3E3FF88E1CA26CFD0070F6A5 /* GLRender.hpp */ = {isa = PBXFileReference; fileEncoding = 4; lastKnownFileType = sourcecode.cpp.h; path = GLRender.hpp; sourceTree = "<group>"; };
		3E3FF8901CA26D090070F6A5 /* GLHelper.hpp */ = {isa = PBXFileReference; fileEncoding = 4; lastKnownFileType = sourcecode.cpp.h; path = GLHelper.hpp; sourceTree = "<group>"; };
		3E3FF8931CA26FE20070F6A5 /* GLRenderData.cpp */ = {isa = PBXFileReference; fileEncoding = 4; lastKnownFileType = sourcecode.cpp.cpp; path = GLRenderData.cpp; sourceTree = "<group>"; };
		3E3FF8941CA26FE20070F6A5 /* GLRenderData.hpp */ = {isa = PBXFileReference; fileEncoding = 4; lastKnownFileType = sourcecode.cpp.h; path = GLRenderData.hpp; sourceTree = "<group>"; };
		3E3FF8981CA28D480070F6A5 /* GLCanvas.cpp */ = {isa = PBXFileReference; fileEncoding = 4; lastKnownFileType = sourcecode.cpp.cpp; path = GLCanvas.cpp; sourceTree = "<group>"; };
		3E3FF8991CA28D480070F6A5 /* GLCanvas.hpp */ = {isa = PBXFileReference; fileEncoding = 4; lastKnownFileType = sourcecode.cpp.h; path = GLCanvas.hpp; sourceTree = "<group>"; };
		3E3FF89B1CA29A330070F6A5 /* GLHeaders.h */ = {isa = PBXFileReference; lastKnownFileType = sourcecode.c.h; path = GLHeaders.h; sourceTree = "<group>"; };
		3E3FF8F61CA2E2210070F6A5 /* libjpeg.a */ = {isa = PBXFileReference; lastKnownFileType = archive.ar; name = libjpeg.a; path = ../../../ThirdParty/prebuilt/ios/libjpeg.a; sourceTree = "<group>"; };
		3E3FF8F71CA2E2210070F6A5 /* libpng.a */ = {isa = PBXFileReference; lastKnownFileType = archive.ar; name = libpng.a; path = ../../../ThirdParty/prebuilt/ios/libpng.a; sourceTree = "<group>"; };
		3E466D431CC681840068A4E6 /* libcurl.a */ = {isa = PBXFileReference; lastKnownFileType = archive.ar; name = libcurl.a; path = ../../../ThirdParty/prebuilt/ios/libcurl.a; sourceTree = "<group>"; };
		3E466D491CC682080068A4E6 /* libcrypto.a */ = {isa = PBXFileReference; lastKnownFileType = archive.ar; name = libcrypto.a; path = ../../../ThirdParty/prebuilt/ios/libcrypto.a; sourceTree = "<group>"; };
		3E466D4A1CC682080068A4E6 /* libssl.a */ = {isa = PBXFileReference; lastKnownFileType = archive.ar; name = libssl.a; path = ../../../ThirdParty/prebuilt/ios/libssl.a; sourceTree = "<group>"; };
		3E7F4F0F1CC60A49001D0C58 /* XHTTPClientImpl.hpp */ = {isa = PBXFileReference; fileEncoding = 4; lastKnownFileType = sourcecode.cpp.h; path = XHTTPClientImpl.hpp; sourceTree = "<group>"; };
		3E7F4F121CC60A61001D0C58 /* XDispatch.cpp */ = {isa = PBXFileReference; fileEncoding = 4; lastKnownFileType = sourcecode.cpp.cpp; path = XDispatch.cpp; sourceTree = "<group>"; };
		3E7F4F131CC60A61001D0C58 /* XDispatch.h */ = {isa = PBXFileReference; fileEncoding = 4; lastKnownFileType = sourcecode.c.h; path = XDispatch.h; sourceTree = "<group>"; };
		3E7F4F141CC60A61001D0C58 /* XRunLoop.cpp */ = {isa = PBXFileReference; fileEncoding = 4; lastKnownFileType = sourcecode.cpp.cpp; path = XRunLoop.cpp; sourceTree = "<group>"; };
		3E7F4F151CC60A61001D0C58 /* XRunLoop.hpp */ = {isa = PBXFileReference; fileEncoding = 4; lastKnownFileType = sourcecode.cpp.h; path = XRunLoop.hpp; sourceTree = "<group>"; };
		3E7F4F161CC60A61001D0C58 /* XTask.cpp */ = {isa = PBXFileReference; fileEncoding = 4; lastKnownFileType = sourcecode.cpp.cpp; path = XTask.cpp; sourceTree = "<group>"; };
		3E7F4F171CC60A61001D0C58 /* XTask.hpp */ = {isa = PBXFileReference; fileEncoding = 4; lastKnownFileType = sourcecode.cpp.h; path = XTask.hpp; sourceTree = "<group>"; };
		3E7F4F181CC60A61001D0C58 /* XTaskQueue.cpp */ = {isa = PBXFileReference; fileEncoding = 4; lastKnownFileType = sourcecode.cpp.cpp; path = XTaskQueue.cpp; sourceTree = "<group>"; };
		3E7F4F191CC60A61001D0C58 /* XTaskQueue.hpp */ = {isa = PBXFileReference; fileEncoding = 4; lastKnownFileType = sourcecode.cpp.h; path = XTaskQueue.hpp; sourceTree = "<group>"; };
		3E7F4F261CC60A73001D0C58 /* XMainRunLoop_IOS.mm */ = {isa = PBXFileReference; fileEncoding = 4; lastKnownFileType = sourcecode.cpp.objcpp; path = XMainRunLoop_IOS.mm; sourceTree = "<group>"; };
		3E8BF0931CAC0A9500A61A69 /* XTouch.cpp */ = {isa = PBXFileReference; fileEncoding = 4; lastKnownFileType = sourcecode.cpp.cpp; path = XTouch.cpp; sourceTree = "<group>"; };
		3E8BF0941CAC0A9500A61A69 /* XTouch.hpp */ = {isa = PBXFileReference; fileEncoding = 4; lastKnownFileType = sourcecode.cpp.h; path = XTouch.hpp; sourceTree = "<group>"; };
		3E8BF0981CAC0ACC00A61A69 /* XInput.cpp */ = {isa = PBXFileReference; fileEncoding = 4; lastKnownFileType = sourcecode.cpp.cpp; path = XInput.cpp; sourceTree = "<group>"; };
		3E8BF0991CAC0ACC00A61A69 /* XInput.hpp */ = {isa = PBXFileReference; fileEncoding = 4; lastKnownFileType = sourcecode.cpp.h; path = XInput.hpp; sourceTree = "<group>"; };
		3E8BF09D1CAC12E600A61A69 /* XInputs.hpp */ = {isa = PBXFileReference; lastKnownFileType = sourcecode.cpp.h; path = XInputs.hpp; sourceTree = "<group>"; };
		3E8D12041CBFA2F900EC385D /* XHTTPClient.cpp */ = {isa = PBXFileReference; fileEncoding = 4; lastKnownFileType = sourcecode.cpp.cpp; path = XHTTPClient.cpp; sourceTree = "<group>"; };
		3E8D12051CBFA2F900EC385D /* XHTTPClient.hpp */ = {isa = PBXFileReference; fileEncoding = 4; lastKnownFileType = sourcecode.cpp.h; path = XHTTPClient.hpp; sourceTree = "<group>"; };
		3E8D12091CBFA3B900EC385D /* XMouse.hpp */ = {isa = PBXFileReference; fileEncoding = 4; lastKnownFileType = sourcecode.cpp.h; path = XMouse.hpp; sourceTree = "<group>"; };
		3E8D120A1CBFA3B900EC385D /* XMouse.cpp */ = {isa = PBXFileReference; fileEncoding = 4; lastKnownFileType = sourcecode.cpp.cpp; path = XMouse.cpp; sourceTree = "<group>"; };
		3E9608271CA7B80500FE8008 /* XWindow.hpp */ = {isa = PBXFileReference; fileEncoding = 4; lastKnownFileType = sourcecode.cpp.h; path = XWindow.hpp; sourceTree = "<group>"; };
		3E9608281CA7C53200FE8008 /* UIView.cpp */ = {isa = PBXFileReference; fileEncoding = 4; lastKnownFileType = sourcecode.cpp.cpp; path = UIView.cpp; sourceTree = "<group>"; };
		3E9608311CA7E8E800FE8008 /* GLProgram.hpp */ = {isa = PBXFileReference; fileEncoding = 4; lastKnownFileType = sourcecode.cpp.h; path = GLProgram.hpp; sourceTree = "<group>"; };
		3E9608321CA7E8E800FE8008 /* GLProgram.cpp */ = {isa = PBXFileReference; fileEncoding = 4; lastKnownFileType = sourcecode.cpp.cpp; path = GLProgram.cpp; sourceTree = "<group>"; };
		3E9608361CA7EEF600FE8008 /* XResManager.cpp */ = {isa = PBXFileReference; fileEncoding = 4; lastKnownFileType = sourcecode.cpp.cpp; path = XResManager.cpp; sourceTree = "<group>"; };
		3E9608371CA7EEF600FE8008 /* XResManager.hpp */ = {isa = PBXFileReference; fileEncoding = 4; lastKnownFileType = sourcecode.cpp.h; path = XResManager.hpp; sourceTree = "<group>"; };
		3EAA6CD51CA23A220037291F /* XResourceManager.mm */ = {isa = PBXFileReference; fileEncoding = 4; lastKnownFileType = sourcecode.cpp.objcpp; path = XResourceManager.mm; sourceTree = "<group>"; };
		3EAA6CE01CA243210037291F /* Framework.framework */ = {isa = PBXFileReference; explicitFileType = wrapper.framework; includeInIndex = 0; path = Framework.framework; sourceTree = BUILT_PRODUCTS_DIR; };
		3EAA6CE41CA243210037291F /* Info.plist */ = {isa = PBXFileReference; lastKnownFileType = text.plist.xml; path = Info.plist; sourceTree = "<group>"; };
		3EAA6CEE1CA248BE0037291F /* UIKit.framework */ = {isa = PBXFileReference; lastKnownFileType = wrapper.framework; name = UIKit.framework; path = System/Library/Frameworks/UIKit.framework; sourceTree = SDKROOT; };
		3EAA6CF01CA248C90037291F /* QuartzCore.framework */ = {isa = PBXFileReference; lastKnownFileType = wrapper.framework; name = QuartzCore.framework; path = System/Library/Frameworks/QuartzCore.framework; sourceTree = SDKROOT; };
		3EAA6CF21CA248CF0037291F /* OpenGLES.framework */ = {isa = PBXFileReference; lastKnownFileType = wrapper.framework; name = OpenGLES.framework; path = System/Library/Frameworks/OpenGLES.framework; sourceTree = SDKROOT; };
		3EB988501C9BD65600B9B23E /* XWindow_ios.mm */ = {isa = PBXFileReference; fileEncoding = 4; lastKnownFileType = sourcecode.cpp.objcpp; path = XWindow_ios.mm; sourceTree = "<group>"; };
		3EB988521C9BE00500B9B23E /* UIView.hpp */ = {isa = PBXFileReference; fileEncoding = 4; lastKnownFileType = sourcecode.cpp.h; path = UIView.hpp; sourceTree = "<group>"; };
		3EB988551C9BE15C00B9B23E /* XRect.cpp */ = {isa = PBXFileReference; fileEncoding = 4; lastKnownFileType = sourcecode.cpp.cpp; path = XRect.cpp; sourceTree = "<group>"; };
		3EB988561C9BE15C00B9B23E /* XRect.hpp */ = {isa = PBXFileReference; fileEncoding = 4; lastKnownFileType = sourcecode.cpp.h; path = XRect.hpp; sourceTree = "<group>"; };
		3EB988571C9BE15C00B9B23E /* XRectPro.hpp */ = {isa = PBXFileReference; fileEncoding = 4; lastKnownFileType = sourcecode.cpp.h; path = XRectPro.hpp; sourceTree = "<group>"; };
		3EB988581C9BE15C00B9B23E /* XResource.hpp */ = {isa = PBXFileReference; fileEncoding = 4; lastKnownFileType = sourcecode.cpp.h; path = XResource.hpp; sourceTree = "<group>"; };
		3EB9885B1C9BE21B00B9B23E /* stdafx.cpp */ = {isa = PBXFileReference; fileEncoding = 4; lastKnownFileType = sourcecode.cpp.cpp; path = stdafx.cpp; sourceTree = "<group>"; };
		3EB9885D1C9BE3C100B9B23E /* DllExport.hpp */ = {isa = PBXFileReference; fileEncoding = 4; lastKnownFileType = sourcecode.cpp.h; path = DllExport.hpp; sourceTree = "<group>"; };
		3EB9886D1C9FA29200B9B23E /* GLCanvas_ios.hpp */ = {isa = PBXFileReference; fileEncoding = 4; lastKnownFileType = sourcecode.cpp.h; path = GLCanvas_ios.hpp; sourceTree = "<group>"; };
		3EB9886E1C9FA29200B9B23E /* GLCanvas_ios.mm */ = {isa = PBXFileReference; fileEncoding = 4; lastKnownFileType = sourcecode.cpp.objcpp; path = GLCanvas_ios.mm; sourceTree = "<group>"; };
		3EC92D991CAB9B9D00CF012C /* GLView.h */ = {isa = PBXFileReference; fileEncoding = 4; lastKnownFileType = sourcecode.c.h; path = GLView.h; sourceTree = "<group>"; };
		3EC92D9A1CAB9B9D00CF012C /* GLView.m */ = {isa = PBXFileReference; fileEncoding = 4; lastKnownFileType = sourcecode.c.objc; path = GLView.m; sourceTree = "<group>"; };
		3EDFDB8C1CCB54AC0079AF51 /* XHTTPHeader.cpp */ = {isa = PBXFileReference; fileEncoding = 4; lastKnownFileType = sourcecode.cpp.cpp; path = XHTTPHeader.cpp; sourceTree = "<group>"; };
		3EDFDB8D1CCB54AC0079AF51 /* XHTTPHeader.hpp */ = {isa = PBXFileReference; fileEncoding = 4; lastKnownFileType = sourcecode.cpp.h; path = XHTTPHeader.hpp; sourceTree = "<group>"; };
		3EDFDB911CCB54BC0079AF51 /* XHTTPRequest.cpp */ = {isa = PBXFileReference; fileEncoding = 4; lastKnownFileType = sourcecode.cpp.cpp; path = XHTTPRequest.cpp; sourceTree = "<group>"; };
		3EDFDB921CCB54BC0079AF51 /* XHTTPRequest.hpp */ = {isa = PBXFileReference; fileEncoding = 4; lastKnownFileType = sourcecode.cpp.h; path = XHTTPRequest.hpp; sourceTree = "<group>"; };
		3EDFDB961CCB54DF0079AF51 /* XHTTPResponse.cpp */ = {isa = PBXFileReference; fileEncoding = 4; lastKnownFileType = sourcecode.cpp.cpp; path = XHTTPResponse.cpp; sourceTree = "<group>"; };
		3EDFDB971CCB54DF0079AF51 /* XHTTPResponse.hpp */ = {isa = PBXFileReference; fileEncoding = 4; lastKnownFileType = sourcecode.cpp.h; path = XHTTPResponse.hpp; sourceTree = "<group>"; };
		3EDFDB9B1CCB55310079AF51 /* XHTTPRequestHandler.cpp */ = {isa = PBXFileReference; fileEncoding = 4; lastKnownFileType = sourcecode.cpp.cpp; path = XHTTPRequestHandler.cpp; sourceTree = "<group>"; };
		3EDFDB9C1CCB55310079AF51 /* XHTTPRequestHandler.hpp */ = {isa = PBXFileReference; fileEncoding = 4; lastKnownFileType = sourcecode.cpp.h; path = XHTTPRequestHandler.hpp; sourceTree = "<group>"; };
/* End PBXFileReference section */

/* Begin PBXFrameworksBuildPhase section */
		3E14159B1C9AA7C500A84DF1 /* Frameworks */ = {
			isa = PBXFrameworksBuildPhase;
			buildActionMask = 2147483647;
			files = (
				3E466D4D1CC682080068A4E6 /* libssl.a in Frameworks */,
				3E21D10D1CAAC7E800590427 /* GLKit.framework in Frameworks */,
				3EAA6CF31CA248CF0037291F /* OpenGLES.framework in Frameworks */,
				3EAA6CF11CA248C90037291F /* QuartzCore.framework in Frameworks */,
				3E16D6AD1CAA007300F84510 /* libgiflib.a in Frameworks */,
				3EAA6CEF1CA248BE0037291F /* UIKit.framework in Frameworks */,
				3E466D451CC681840068A4E6 /* libcurl.a in Frameworks */,
				3E3FF9051CA2E2220070F6A5 /* libpng.a in Frameworks */,
				3E3FF9031CA2E2220070F6A5 /* libjpeg.a in Frameworks */,
				3E466D4B1CC682080068A4E6 /* libcrypto.a in Frameworks */,
			);
			runOnlyForDeploymentPostprocessing = 0;
		};
		3EAA6CDC1CA243210037291F /* Frameworks */ = {
			isa = PBXFrameworksBuildPhase;
			buildActionMask = 2147483647;
			files = (
				3E3FF9041CA2E2220070F6A5 /* libjpeg.a in Frameworks */,
				3E466D4C1CC682080068A4E6 /* libcrypto.a in Frameworks */,
				3E466D4E1CC682080068A4E6 /* libssl.a in Frameworks */,
				3E466D461CC681840068A4E6 /* libcurl.a in Frameworks */,
				3E3FF9061CA2E2220070F6A5 /* libpng.a in Frameworks */,
				3E16D6AE1CAA007300F84510 /* libgiflib.a in Frameworks */,
			);
			runOnlyForDeploymentPostprocessing = 0;
		};
/* End PBXFrameworksBuildPhase section */

/* Begin PBXGroup section */
		3E1415951C9AA7C500A84DF1 = {
			isa = PBXGroup;
			children = (
				3E21D10C1CAAC7E800590427 /* GLKit.framework */,
				3E3FF8D61CA2E1570070F6A5 /* lib */,
				3E1416501C9ABEFA00A84DF1 /* include */,
				3EAA6CE11CA243210037291F /* Framework */,
				3E14159F1C9AA7C500A84DF1 /* Products */,
			);
			sourceTree = "<group>";
		};
		3E14159F1C9AA7C500A84DF1 /* Products */ = {
			isa = PBXGroup;
			children = (
				3E14159E1C9AA7C500A84DF1 /* libXDUILib.a */,
				3EAA6CE01CA243210037291F /* Framework.framework */,
			);
			name = Products;
			sourceTree = "<group>";
		};
		3E1416501C9ABEFA00A84DF1 /* include */ = {
			isa = PBXGroup;
			children = (
				3E8D12031CBFA2F900EC385D /* http */,
				3E14169C1C9B93F600A84DF1 /* core */,
				3E3FF89C1CA29CAB0070F6A5 /* ui */,
				3EB988531C9BE15C00B9B23E /* res */,
				3E1416681C9ABEFA00A84DF1 /* ios */,
				3E1416881C9ABEFA00A84DF1 /* XDUILib.hpp */,
			);
			name = include;
			path = ../../../include;
			sourceTree = "<group>";
		};
		3E1416681C9ABEFA00A84DF1 /* ios */ = {
			isa = PBXGroup;
			children = (
				3E7F4F261CC60A73001D0C58 /* XMainRunLoop_IOS.mm */,
				3EC92D991CAB9B9D00CF012C /* GLView.h */,
				3EC92D9A1CAB9B9D00CF012C /* GLView.m */,
				3EAA6CD51CA23A220037291F /* XResourceManager.mm */,
				3EB9886D1C9FA29200B9B23E /* GLCanvas_ios.hpp */,
				3EB9886E1C9FA29200B9B23E /* GLCanvas_ios.mm */,
				3E21D10A1CAABEF400590427 /* XWindow_ios.hpp */,
				3EB988501C9BD65600B9B23E /* XWindow_ios.mm */,
				3E1416691C9ABEFA00A84DF1 /* XDUIAppDelegate.h */,
				3E14166A1C9ABEFA00A84DF1 /* XDUIAppDelegate.mm */,
				3E14166B1C9ABEFA00A84DF1 /* XDUILib_ios.hpp */,
				3E14166C1C9ABEFA00A84DF1 /* XDUILib_ios.mm */,
				3E14166D1C9ABEFA00A84DF1 /* XDUIViewController.h */,
				3E14166E1C9ABEFA00A84DF1 /* XDUIViewController.mm */,
			);
			path = ios;
			sourceTree = "<group>";
		};
		3E14169C1C9B93F600A84DF1 /* core */ = {
			isa = PBXGroup;
			children = (
				3E7F4F111CC60A61001D0C58 /* MutiThread */,
				3E8BF0921CAC07E600A61A69 /* input */,
				3E3FF8911CA26F750070F6A5 /* GL */,
				3E3FF8901CA26D090070F6A5 /* GLHelper.hpp */,
				3E3FF88D1CA26CFD0070F6A5 /* GLRender.cpp */,
				3E3FF88E1CA26CFD0070F6A5 /* GLRender.hpp */,
				3E3FF8981CA28D480070F6A5 /* GLCanvas.cpp */,
				3E3FF8991CA28D480070F6A5 /* GLCanvas.hpp */,
				3EB9885D1C9BE3C100B9B23E /* DllExport.hpp */,
				3EB988521C9BE00500B9B23E /* UIView.hpp */,
				3E9608281CA7C53200FE8008 /* UIView.cpp */,
				3E1416A61C9B93F600A84DF1 /* IXWindow.hpp */,
				3E1416A71C9B93F600A84DF1 /* IXCanvas.hpp */,
				3E1416A81C9B93F600A84DF1 /* IXRender.hpp */,
				3E1416AD1C9B93F600A84DF1 /* XRenderFactory.hpp */,
				3E1416AA1C9B93F600A84DF1 /* stdafx.hpp */,
				3EB9885B1C9BE21B00B9B23E /* stdafx.cpp */,
				3E1416AC1C9B93F600A84DF1 /* XNode.hpp */,
				3E1416AE1C9B93F600A84DF1 /* XRoot.hpp */,
				3E1416B21C9B9DA300A84DF1 /* XApp.cpp */,
				3E1416B31C9B9DA300A84DF1 /* XApp.hpp */,
				3E9608361CA7EEF600FE8008 /* XResManager.cpp */,
				3E9608371CA7EEF600FE8008 /* XResManager.hpp */,
				3E9608271CA7B80500FE8008 /* XWindow.hpp */,
				3E21D1071CAABDA200590427 /* XWindow.cpp */,
			);
			path = core;
			sourceTree = "<group>";
		};
		3E203C721CA15A8400757788 /* XImage */ = {
			isa = PBXGroup;
			children = (
				3E16D6991CA9948A00F84510 /* XGifDecoder.hpp */,
				3E16D69A1CA9948A00F84510 /* XGifDecoder.cpp */,
				3E203C731CA15A8400757788 /* IXImage.hpp */,
				3E203C761CA15A8400757788 /* XImage.cpp */,
				3E203C771CA15A8400757788 /* XImage.hpp */,
				3E203C781CA15A8400757788 /* XImageDecoder.cpp */,
				3E203C791CA15A8400757788 /* XImageDecoder.hpp */,
				3E203C7A1CA15A8400757788 /* XJPGDecoder.cpp */,
				3E203C7B1CA15A8400757788 /* XJPGDecoder.hpp */,
				3E203C7C1CA15A8400757788 /* XPngDecoder.cpp */,
				3E203C7D1CA15A8400757788 /* XPngDecoder.hpp */,
			);
			path = XImage;
			sourceTree = "<group>";
		};
		3E3FF8911CA26F750070F6A5 /* GL */ = {
			isa = PBXGroup;
			children = (
				3E9608311CA7E8E800FE8008 /* GLProgram.hpp */,
				3E9608321CA7E8E800FE8008 /* GLProgram.cpp */,
				3E3FF8941CA26FE20070F6A5 /* GLRenderData.hpp */,
				3E3FF8931CA26FE20070F6A5 /* GLRenderData.cpp */,
				3E3FF89B1CA29A330070F6A5 /* GLHeaders.h */,
			);
			path = GL;
			sourceTree = "<group>";
		};
		3E3FF89C1CA29CAB0070F6A5 /* ui */ = {
			isa = PBXGroup;
			children = (
			);
			path = ui;
			sourceTree = "<group>";
		};
		3E3FF8D61CA2E1570070F6A5 /* lib */ = {
			isa = PBXGroup;
			children = (
				3E466D491CC682080068A4E6 /* libcrypto.a */,
				3E466D4A1CC682080068A4E6 /* libssl.a */,
				3E466D431CC681840068A4E6 /* libcurl.a */,
				3E16D6AC1CAA007300F84510 /* libgiflib.a */,
				3E3FF8F61CA2E2210070F6A5 /* libjpeg.a */,
				3E3FF8F71CA2E2210070F6A5 /* libpng.a */,
				3EAA6CF21CA248CF0037291F /* OpenGLES.framework */,
				3EAA6CF01CA248C90037291F /* QuartzCore.framework */,
				3EAA6CEE1CA248BE0037291F /* UIKit.framework */,
			);
			name = lib;
			sourceTree = "<group>";
		};
		3E7F4F111CC60A61001D0C58 /* MutiThread */ = {
			isa = PBXGroup;
			children = (
				3E7F4F121CC60A61001D0C58 /* XDispatch.cpp */,
				3E7F4F131CC60A61001D0C58 /* XDispatch.h */,
				3E7F4F141CC60A61001D0C58 /* XRunLoop.cpp */,
				3E7F4F151CC60A61001D0C58 /* XRunLoop.hpp */,
				3E7F4F161CC60A61001D0C58 /* XTask.cpp */,
				3E7F4F171CC60A61001D0C58 /* XTask.hpp */,
				3E7F4F181CC60A61001D0C58 /* XTaskQueue.cpp */,
				3E7F4F191CC60A61001D0C58 /* XTaskQueue.hpp */,
			);
			path = MutiThread;
			sourceTree = "<group>";
		};
		3E8BF0921CAC07E600A61A69 /* input */ = {
			isa = PBXGroup;
			children = (
				3E8D12091CBFA3B900EC385D /* XMouse.hpp */,
				3E8D120A1CBFA3B900EC385D /* XMouse.cpp */,
				3E8BF0931CAC0A9500A61A69 /* XTouch.cpp */,
				3E8BF0941CAC0A9500A61A69 /* XTouch.hpp */,
				3E8BF0981CAC0ACC00A61A69 /* XInput.cpp */,
				3E8BF0991CAC0ACC00A61A69 /* XInput.hpp */,
				3E8BF09D1CAC12E600A61A69 /* XInputs.hpp */,
			);
			path = input;
			sourceTree = "<group>";
		};
		3E8D12031CBFA2F900EC385D /* http */ = {
			isa = PBXGroup;
			children = (
				3E7F4F0F1CC60A49001D0C58 /* XHTTPClientImpl.hpp */,
				3E8D12041CBFA2F900EC385D /* XHTTPClient.cpp */,
				3E8D12051CBFA2F900EC385D /* XHTTPClient.hpp */,
				3EDFDB8C1CCB54AC0079AF51 /* XHTTPHeader.cpp */,
				3EDFDB8D1CCB54AC0079AF51 /* XHTTPHeader.hpp */,
				3EDFDB911CCB54BC0079AF51 /* XHTTPRequest.cpp */,
				3EDFDB921CCB54BC0079AF51 /* XHTTPRequest.hpp */,
				3EDFDB961CCB54DF0079AF51 /* XHTTPResponse.cpp */,
				3EDFDB971CCB54DF0079AF51 /* XHTTPResponse.hpp */,
				3EDFDB9B1CCB55310079AF51 /* XHTTPRequestHandler.cpp */,
				3EDFDB9C1CCB55310079AF51 /* XHTTPRequestHandler.hpp */,
			);
			path = http;
			sourceTree = "<group>";
		};
		3EAA6CE11CA243210037291F /* Framework */ = {
			isa = PBXGroup;
			children = (
				3EAA6CE41CA243210037291F /* Info.plist */,
			);
			path = Framework;
			sourceTree = "<group>";
		};
		3EB988531C9BE15C00B9B23E /* res */ = {
			isa = PBXGroup;
			children = (
				3E203C721CA15A8400757788 /* XImage */,
				3E203C691CA15A7100757788 /* XData.cpp */,
				3E203C6A1CA15A7100757788 /* XData.hpp */,
				3E203C6B1CA15A7100757788 /* XError.cpp */,
				3E203C6C1CA15A7100757788 /* XError.hpp */,
				3E203C6D1CA15A7100757788 /* XString.cpp */,
				3E203C6E1CA15A7100757788 /* XString.hpp */,
				3EB988551C9BE15C00B9B23E /* XRect.cpp */,
				3EB988561C9BE15C00B9B23E /* XRect.hpp */,
				3EB988571C9BE15C00B9B23E /* XRectPro.hpp */,
				3EB988581C9BE15C00B9B23E /* XResource.hpp */,
			);
			path = res;
			sourceTree = "<group>";
		};
/* End PBXGroup section */

/* Begin PBXHeadersBuildPhase section */
		3EAA6CDD1CA243210037291F /* Headers */ = {
			isa = PBXHeadersBuildPhase;
			buildActionMask = 2147483647;
			files = (
				3E8BF09C1CAC0ACC00A61A69 /* XInput.hpp in Headers */,
				3EAA6CED1CA248570037291F /* XDUILib.hpp in Headers */,
				3EDFDB9A1CCB54DF0079AF51 /* XHTTPResponse.hpp in Headers */,
				3EDFDB9F1CCB55310079AF51 /* XHTTPRequestHandler.hpp in Headers */,
				3E8D12081CBFA2F900EC385D /* XHTTPClient.hpp in Headers */,
				3E21D10B1CAABEF400590427 /* XWindow_ios.hpp in Headers */,
				3E3FF8971CA26FE20070F6A5 /* GLRenderData.hpp in Headers */,
				3E96083A1CA7EEF600FE8008 /* XResManager.hpp in Headers */,
				3EDFDB901CCB54AC0079AF51 /* XHTTPHeader.hpp in Headers */,
				3E9608331CA7E8E800FE8008 /* GLProgram.hpp in Headers */,
				3E16D69C1CA994A200F84510 /* XGifDecoder.hpp in Headers */,
				3E7F4F251CC60A61001D0C58 /* XTaskQueue.hpp in Headers */,
				3E7F4F221CC60A61001D0C58 /* XTask.hpp in Headers */,
				3E7F4F101CC60A49001D0C58 /* XHTTPClientImpl.hpp in Headers */,
				3E7F4F1C1CC60A61001D0C58 /* XDispatch.h in Headers */,
				3E7F4F1F1CC60A61001D0C58 /* XRunLoop.hpp in Headers */,
				3E8BF0971CAC0A9500A61A69 /* XTouch.hpp in Headers */,
				3EDFDB951CCB54BC0079AF51 /* XHTTPRequest.hpp in Headers */,
				3E8D120B1CBFA3B900EC385D /* XMouse.hpp in Headers */,
			);
			runOnlyForDeploymentPostprocessing = 0;
		};
/* End PBXHeadersBuildPhase section */

/* Begin PBXNativeTarget section */
		3E14159D1C9AA7C500A84DF1 /* XDUILib */ = {
			isa = PBXNativeTarget;
			buildConfigurationList = 3E1415A71C9AA7C500A84DF1 /* Build configuration list for PBXNativeTarget "XDUILib" */;
			buildPhases = (
				3E14159A1C9AA7C500A84DF1 /* Sources */,
				3E14159B1C9AA7C500A84DF1 /* Frameworks */,
				3E14159C1C9AA7C500A84DF1 /* CopyFiles */,
			);
			buildRules = (
			);
			dependencies = (
			);
			name = XDUILib;
			productName = XDUILib;
			productReference = 3E14159E1C9AA7C500A84DF1 /* libXDUILib.a */;
			productType = "com.apple.product-type.library.static";
		};
		3EAA6CDF1CA243210037291F /* Framework */ = {
			isa = PBXNativeTarget;
			buildConfigurationList = 3EAA6CE51CA243210037291F /* Build configuration list for PBXNativeTarget "Framework" */;
			buildPhases = (
				3EAA6CDB1CA243210037291F /* Sources */,
				3EAA6CDC1CA243210037291F /* Frameworks */,
				3EAA6CDD1CA243210037291F /* Headers */,
				3EAA6CDE1CA243210037291F /* Resources */,
			);
			buildRules = (
			);
			dependencies = (
			);
			name = Framework;
			productName = Framework;
			productReference = 3EAA6CE01CA243210037291F /* Framework.framework */;
			productType = "com.apple.product-type.framework";
		};
/* End PBXNativeTarget section */

/* Begin PBXProject section */
		3E1415961C9AA7C500A84DF1 /* Project object */ = {
			isa = PBXProject;
			attributes = {
				LastUpgradeCheck = 0720;
				ORGANIZATIONNAME = wudijimao;
				TargetAttributes = {
					3E14159D1C9AA7C500A84DF1 = {
						CreatedOnToolsVersion = 7.2;
						DevelopmentTeam = 26NS455T8K;
					};
					3EAA6CDF1CA243210037291F = {
						CreatedOnToolsVersion = 7.2;
						DevelopmentTeam = 26NS455T8K;
					};
					3EAA6CE81CA244310037291F = {
						CreatedOnToolsVersion = 7.2;
						DevelopmentTeam = 26NS455T8K;
					};
				};
			};
			buildConfigurationList = 3E1415991C9AA7C500A84DF1 /* Build configuration list for PBXProject "XDUILib" */;
			compatibilityVersion = "Xcode 3.2";
			developmentRegion = English;
			hasScannedForEncodings = 0;
			knownRegions = (
				en,
			);
			mainGroup = 3E1415951C9AA7C500A84DF1;
			productRefGroup = 3E14159F1C9AA7C500A84DF1 /* Products */;
			projectDirPath = "";
			projectRoot = "";
			targets = (
				3E14159D1C9AA7C500A84DF1 /* XDUILib */,
				3EAA6CDF1CA243210037291F /* Framework */,
				3EAA6CE81CA244310037291F /* Build */,
			);
		};
/* End PBXProject section */

/* Begin PBXResourcesBuildPhase section */
		3EAA6CDE1CA243210037291F /* Resources */ = {
			isa = PBXResourcesBuildPhase;
			buildActionMask = 2147483647;
			files = (
			);
			runOnlyForDeploymentPostprocessing = 0;
		};
/* End PBXResourcesBuildPhase section */

/* Begin PBXShellScriptBuildPhase section */
		3EAA6CEC1CA2444E0037291F /* Run Script */ = {
			isa = PBXShellScriptBuildPhase;
			buildActionMask = 2147483647;
			files = (
			);
			inputPaths = (
			);
			name = "Run Script";
			outputPaths = (
			);
			runOnlyForDeploymentPostprocessing = 0;
			shellPath = /bin/sh;
			shellScript = "# Sets the target folders and the final framework product.\n# 如果工程名称和Framework的Target名称不一样的话，要自定义FMKNAME\n# 例如: FMK_NAME = \"MyFramework\"\n# FMK_NAME=${PROJECT_NAME}\nFMK_NAME=\"Framework\"\n\n# Install dir will be the final output to the framework.\n# The following line create it in the root folder of the current project.\nINSTALL_DIR=${SRCROOT}/Products/${FMK_NAME}.framework\n\n# Working dir will be deleted after the framework creation.\nWRK_DIR=build\nDEVICE_DIR=${WRK_DIR}/Release-iphoneos/${FMK_NAME}.framework\nSIMULATOR_DIR=${WRK_DIR}/Release-iphonesimulator/${FMK_NAME}.framework\n\n# -configuration ${CONFIGURATION}\n# Clean and Building both architectures.\nxcodebuild -configuration \"Release\" -target \"${FMK_NAME}\" -sdk iphoneos -arch armv7 -arch armv7s -arch arm64 clean build\nxcodebuild -configuration \"Release\" -target \"${FMK_NAME}\" -sdk iphonesimulator -arch x86_64 clean build\n\n# Cleaning the oldest.\nif [ -d \"${INSTALL_DIR}\" ]\nthen\nrm -rf \"${INSTALL_DIR}\"\nfi\n\nmkdir -p \"${INSTALL_DIR}\"\n\ncp -R \"${DEVICE_DIR}/\" \"${INSTALL_DIR}/\"\n\n# Uses the Lipo Tool to merge both binary files (i386 + armv6/armv7) into one Universal final product.\nlipo -create \"${DEVICE_DIR}/${FMK_NAME}\" \"${SIMULATOR_DIR}/${FMK_NAME}\" -output \"${INSTALL_DIR}/${FMK_NAME}\"\n\n#rm -r \"${WRK_DIR}\"\nopen \"${WRK_DIR}\"\nopen \"${SRCROOT}/Products/\"";
		};
/* End PBXShellScriptBuildPhase section */

/* Begin PBXSourcesBuildPhase section */
		3E14159A1C9AA7C500A84DF1 /* Sources */ = {
			isa = PBXSourcesBuildPhase;
			buildActionMask = 2147483647;
			files = (
				3E203C7F1CA15A8400757788 /* XImage.cpp in Sources */,
				3EB9885A1C9BE15C00B9B23E /* XRect.cpp in Sources */,
				3E1416891C9ABEFA00A84DF1 /* XDUIAppDelegate.mm in Sources */,
				3E203C821CA15A8400757788 /* XPngDecoder.cpp in Sources */,
				3EDFDB981CCB54DF0079AF51 /* XHTTPResponse.cpp in Sources */,
				3E8BF0951CAC0A9500A61A69 /* XTouch.cpp in Sources */,
				3E7F4F201CC60A61001D0C58 /* XTask.cpp in Sources */,
				3E7F4F1D1CC60A61001D0C58 /* XRunLoop.cpp in Sources */,
				3EAA6CD61CA23A220037291F /* XResourceManager.mm in Sources */,
				3E3FF8951CA26FE20070F6A5 /* GLRenderData.cpp in Sources */,
				3E8D12061CBFA2F900EC385D /* XHTTPClient.cpp in Sources */,
				3E7F4F231CC60A61001D0C58 /* XTaskQueue.cpp in Sources */,
				3E203C711CA15A7100757788 /* XString.cpp in Sources */,
				3EDFDB8E1CCB54AC0079AF51 /* XHTTPHeader.cpp in Sources */,
				3E14168A1C9ABEFA00A84DF1 /* XDUILib_ios.mm in Sources */,
				3E203C701CA15A7100757788 /* XError.cpp in Sources */,
				3EC92D9B1CAB9B9D00CF012C /* GLView.m in Sources */,
				3E14168B1C9ABEFA00A84DF1 /* XDUIViewController.mm in Sources */,
				3EB9885C1C9BE21B00B9B23E /* stdafx.cpp in Sources */,
				3E7F4F271CC60A73001D0C58 /* XMainRunLoop_IOS.mm in Sources */,
				3E16D69B1CA9948A00F84510 /* XGifDecoder.cpp in Sources */,
				3E8D120C1CBFA3B900EC385D /* XMouse.cpp in Sources */,
				3E7F4F1A1CC60A61001D0C58 /* XDispatch.cpp in Sources */,
				3E9608291CA7C53200FE8008 /* UIView.cpp in Sources */,
				3E8BF09A1CAC0ACC00A61A69 /* XInput.cpp in Sources */,
				3E9608381CA7EEF600FE8008 /* XResManager.cpp in Sources */,
				3E203C6F1CA15A7100757788 /* XData.cpp in Sources */,
				3EDFDB931CCB54BC0079AF51 /* XHTTPRequest.cpp in Sources */,
				3EB988511C9BD65600B9B23E /* XWindow_ios.mm in Sources */,
				3E1416B41C9B9DA300A84DF1 /* XApp.cpp in Sources */,
				3E203C801CA15A8400757788 /* XImageDecoder.cpp in Sources */,
				3EB9886F1C9FA29200B9B23E /* GLCanvas_ios.mm in Sources */,
				3E3FF88F1CA26CFD0070F6A5 /* GLRender.cpp in Sources */,
				3EDFDB9D1CCB55310079AF51 /* XHTTPRequestHandler.cpp in Sources */,
				3E21D1081CAABDA200590427 /* XWindow.cpp in Sources */,
				3E203C811CA15A8400757788 /* XJPGDecoder.cpp in Sources */,
				3E9608341CA7E8E800FE8008 /* GLProgram.cpp in Sources */,
				3E3FF89A1CA28D480070F6A5 /* GLCanvas.cpp in Sources */,
			);
			runOnlyForDeploymentPostprocessing = 0;
		};
		3EAA6CDB1CA243210037291F /* Sources */ = {
			isa = PBXSourcesBuildPhase;
			buildActionMask = 2147483647;
			files = (
				3EAA6D0C1CA24A8E0037291F /* DllExport.hpp in Sources */,
				3E9608391CA7EEF600FE8008 /* XResManager.cpp in Sources */,
				3EAA6D0D1CA24A8E0037291F /* UIView.hpp in Sources */,
				3EAA6D0E1CA24A8E0037291F /* IXWindow.hpp in Sources */,
				3EAA6D0F1CA24A8E0037291F /* IXCanvas.hpp in Sources */,
				3E7F4F1E1CC60A61001D0C58 /* XRunLoop.cpp in Sources */,
				3EAA6D101CA24A8E0037291F /* IXRender.hpp in Sources */,
				3E7F4F211CC60A61001D0C58 /* XTask.cpp in Sources */,
				3EAA6D111CA24A8E0037291F /* XRenderFactory.hpp in Sources */,
				3EAA6D131CA24A8E0037291F /* stdafx.hpp in Sources */,
				3EAA6D141CA24A8E0037291F /* stdafx.cpp in Sources */,
				3EAA6D151CA24A8E0037291F /* XNode.hpp in Sources */,
				3EAA6D161CA24A8E0037291F /* XRoot.hpp in Sources */,
				3EAA6D171CA24A8E0037291F /* XApp.cpp in Sources */,
				3EAA6D181CA24A8E0037291F /* XApp.hpp in Sources */,
				3EAA6D191CA24A8E0037291F /* IXImage.hpp in Sources */,
				3EAA6D1C1CA24A8E0037291F /* XImage.cpp in Sources */,
				3EAA6D1D1CA24A8E0037291F /* XImage.hpp in Sources */,
				3EAA6D1E1CA24A8E0037291F /* XImageDecoder.cpp in Sources */,
				3EAA6D1F1CA24A8E0037291F /* XImageDecoder.hpp in Sources */,
				3EDFDB991CCB54DF0079AF51 /* XHTTPResponse.cpp in Sources */,
				3EDFDB8F1CCB54AC0079AF51 /* XHTTPHeader.cpp in Sources */,
				3EAA6D201CA24A8E0037291F /* XJPGDecoder.cpp in Sources */,
				3EAA6D211CA24A8E0037291F /* XJPGDecoder.hpp in Sources */,
				3EAA6D221CA24A8E0037291F /* XPngDecoder.cpp in Sources */,
				3E8D12071CBFA2F900EC385D /* XHTTPClient.cpp in Sources */,
				3EAA6D231CA24A8E0037291F /* XPngDecoder.hpp in Sources */,
				3E8D120D1CBFA3B900EC385D /* XMouse.cpp in Sources */,
				3E8BF0961CAC0A9500A61A69 /* XTouch.cpp in Sources */,
				3EAA6D241CA24A8E0037291F /* XData.cpp in Sources */,
				3EAA6D251CA24A8E0037291F /* XData.hpp in Sources */,
				3EAA6D261CA24A8E0037291F /* XError.cpp in Sources */,
				3EAA6D271CA24A8E0037291F /* XError.hpp in Sources */,
				3EAA6D281CA24A8E0037291F /* XString.cpp in Sources */,
				3EAA6D291CA24A8E0037291F /* XString.hpp in Sources */,
				3EAA6D2A1CA24A8E0037291F /* XRect.cpp in Sources */,
				3EAA6D2B1CA24A8E0037291F /* XRect.hpp in Sources */,
				3EAA6D2C1CA24A8E0037291F /* XRectPro.hpp in Sources */,
				3EAA6D2D1CA24A8E0037291F /* XResource.hpp in Sources */,
				3EDFDB941CCB54BC0079AF51 /* XHTTPRequest.cpp in Sources */,
				3EAA6D2F1CA24A8E0037291F /* XResourceManager.mm in Sources */,
				3EAA6D301CA24A8E0037291F /* GLCanvas_ios.hpp in Sources */,
				3EAA6D311CA24A8E0037291F /* GLCanvas_ios.mm in Sources */,
				3EAA6D331CA24A8E0037291F /* XWindow_ios.mm in Sources */,
				3EAA6D341CA24A8E0037291F /* XDUIAppDelegate.h in Sources */,
				3E8BF09B1CAC0ACC00A61A69 /* XInput.cpp in Sources */,
				3E7F4F241CC60A61001D0C58 /* XTaskQueue.cpp in Sources */,
				3EAA6D351CA24A8E0037291F /* XDUIAppDelegate.mm in Sources */,
				3EAA6D361CA24A8E0037291F /* XDUILib_ios.hpp in Sources */,
				3EAA6D371CA24A8E0037291F /* XDUILib_ios.mm in Sources */,
				3EAA6D381CA24A8E0037291F /* XDUIViewController.h in Sources */,
				3E16D69D1CA994A600F84510 /* XGifDecoder.cpp in Sources */,
				3E7F4F281CC60A73001D0C58 /* XMainRunLoop_IOS.mm in Sources */,
				3E7F4F1B1CC60A61001D0C58 /* XDispatch.cpp in Sources */,
				3EAA6D391CA24A8E0037291F /* XDUIViewController.mm in Sources */,
				3EDFDB9E1CCB55310079AF51 /* XHTTPRequestHandler.cpp in Sources */,
				3E21D1091CAABDA700590427 /* XWindow.cpp in Sources */,
				3E9608351CA7E8E800FE8008 /* GLProgram.cpp in Sources */,
				3E3FF8961CA26FE20070F6A5 /* GLRenderData.cpp in Sources */,
				3EAA6D3C1CA24A8E0037291F /* XDUILib.hpp in Sources */,
			);
			runOnlyForDeploymentPostprocessing = 0;
		};
/* End PBXSourcesBuildPhase section */

/* Begin XCBuildConfiguration section */
		3E1415A51C9AA7C500A84DF1 /* Debug */ = {
			isa = XCBuildConfiguration;
			buildSettings = {
				ALWAYS_SEARCH_USER_PATHS = NO;
				CLANG_CXX_LANGUAGE_STANDARD = "gnu++0x";
				CLANG_CXX_LIBRARY = "libc++";
				CLANG_ENABLE_MODULES = YES;
				CLANG_ENABLE_OBJC_ARC = YES;
				CLANG_WARN_BOOL_CONVERSION = YES;
				CLANG_WARN_CONSTANT_CONVERSION = YES;
				CLANG_WARN_DIRECT_OBJC_ISA_USAGE = YES_ERROR;
				CLANG_WARN_EMPTY_BODY = YES;
				CLANG_WARN_ENUM_CONVERSION = YES;
				CLANG_WARN_INT_CONVERSION = YES;
				CLANG_WARN_OBJC_ROOT_CLASS = YES_ERROR;
				CLANG_WARN_UNREACHABLE_CODE = YES;
				CLANG_WARN__DUPLICATE_METHOD_MATCH = YES;
				"CODE_SIGN_IDENTITY[sdk=iphoneos*]" = "iPhone Developer";
				COPY_PHASE_STRIP = NO;
				DEBUG_INFORMATION_FORMAT = dwarf;
				ENABLE_STRICT_OBJC_MSGSEND = YES;
				ENABLE_TESTABILITY = YES;
				GCC_C_LANGUAGE_STANDARD = gnu99;
				GCC_DYNAMIC_NO_PIC = NO;
				GCC_NO_COMMON_BLOCKS = YES;
				GCC_OPTIMIZATION_LEVEL = 0;
				GCC_PREPROCESSOR_DEFINITIONS = (
					"DEBUG=1",
					"$(inherited)",
				);
				GCC_WARN_64_TO_32_BIT_CONVERSION = YES;
				GCC_WARN_ABOUT_RETURN_TYPE = YES_ERROR;
				GCC_WARN_UNDECLARED_SELECTOR = YES;
				GCC_WARN_UNINITIALIZED_AUTOS = YES_AGGRESSIVE;
				GCC_WARN_UNUSED_FUNCTION = YES;
				GCC_WARN_UNUSED_VARIABLE = YES;
				IPHONEOS_DEPLOYMENT_TARGET = 9.2;
				MTL_ENABLE_DEBUG_INFO = YES;
				ONLY_ACTIVE_ARCH = YES;
				SDKROOT = iphoneos;
			};
			name = Debug;
		};
		3E1415A61C9AA7C500A84DF1 /* Release */ = {
			isa = XCBuildConfiguration;
			buildSettings = {
				ALWAYS_SEARCH_USER_PATHS = NO;
				CLANG_CXX_LANGUAGE_STANDARD = "gnu++0x";
				CLANG_CXX_LIBRARY = "libc++";
				CLANG_ENABLE_MODULES = YES;
				CLANG_ENABLE_OBJC_ARC = YES;
				CLANG_WARN_BOOL_CONVERSION = YES;
				CLANG_WARN_CONSTANT_CONVERSION = YES;
				CLANG_WARN_DIRECT_OBJC_ISA_USAGE = YES_ERROR;
				CLANG_WARN_EMPTY_BODY = YES;
				CLANG_WARN_ENUM_CONVERSION = YES;
				CLANG_WARN_INT_CONVERSION = YES;
				CLANG_WARN_OBJC_ROOT_CLASS = YES_ERROR;
				CLANG_WARN_UNREACHABLE_CODE = YES;
				CLANG_WARN__DUPLICATE_METHOD_MATCH = YES;
				"CODE_SIGN_IDENTITY[sdk=iphoneos*]" = "iPhone Developer";
				COPY_PHASE_STRIP = NO;
				DEBUG_INFORMATION_FORMAT = "dwarf-with-dsym";
				ENABLE_NS_ASSERTIONS = NO;
				ENABLE_STRICT_OBJC_MSGSEND = YES;
				GCC_C_LANGUAGE_STANDARD = gnu99;
				GCC_NO_COMMON_BLOCKS = YES;
				GCC_WARN_64_TO_32_BIT_CONVERSION = YES;
				GCC_WARN_ABOUT_RETURN_TYPE = YES_ERROR;
				GCC_WARN_UNDECLARED_SELECTOR = YES;
				GCC_WARN_UNINITIALIZED_AUTOS = YES_AGGRESSIVE;
				GCC_WARN_UNUSED_FUNCTION = YES;
				GCC_WARN_UNUSED_VARIABLE = YES;
				IPHONEOS_DEPLOYMENT_TARGET = 9.2;
				MTL_ENABLE_DEBUG_INFO = NO;
				SDKROOT = iphoneos;
				VALIDATE_PRODUCT = YES;
			};
			name = Release;
		};
		3E1415A81C9AA7C500A84DF1 /* Debug */ = {
			isa = XCBuildConfiguration;
			buildSettings = {
				GCC_PREPROCESSOR_DEFINITIONS = (
					TARGET_OS_IPHONE,
					"DEBUG=1",
					"$(inherited)",
				);
				HEADER_SEARCH_PATHS = (
					"$(PROJECT_DIR)/../../../ThirdParty/jpeg/ios",
					"$(PROJECT_DIR)/../../../ThirdParty/png/ios",
					"$(PROJECT_DIR)/../../../ThirdParty/gif",
					"$(PROJECT_DIR)/../../../ThirdParty/curl/ios",
				);
				LIBRARY_SEARCH_PATHS = (
					"$(inherited)",
					"$(PROJECT_DIR)",
					"$(PROJECT_DIR)/../../../ThirdParty/prebuilt/ios",
				);
				ONLY_ACTIVE_ARCH = NO;
				OTHER_LDFLAGS = "-ObjC";
				PRODUCT_NAME = "$(TARGET_NAME)";
				SKIP_INSTALL = YES;
				VALID_ARCHS = "arm64 armv7 armv7s i386 x86_64";
			};
			name = Debug;
		};
		3E1415A91C9AA7C500A84DF1 /* Release */ = {
			isa = XCBuildConfiguration;
			buildSettings = {
				GCC_PREPROCESSOR_DEFINITIONS = TARGET_OS_IPHONE;
				HEADER_SEARCH_PATHS = (
					"$(PROJECT_DIR)/../../../ThirdParty/jpeg/ios",
					"$(PROJECT_DIR)/../../../ThirdParty/png/ios",
					"$(PROJECT_DIR)/../../../ThirdParty/gif",
					"$(PROJECT_DIR)/../../../ThirdParty/curl/ios",
				);
				LIBRARY_SEARCH_PATHS = (
					"$(inherited)",
					"$(PROJECT_DIR)",
					"$(PROJECT_DIR)/../../../ThirdParty/prebuilt/ios",
				);
				OTHER_LDFLAGS = "-ObjC";
				PRODUCT_NAME = "$(TARGET_NAME)";
				SKIP_INSTALL = YES;
				VALID_ARCHS = "arm64 armv7 armv7s i386 x86_64";
			};
			name = Release;
		};
		3EAA6CE61CA243210037291F /* Debug */ = {
			isa = XCBuildConfiguration;
			buildSettings = {
				CURRENT_PROJECT_VERSION = 1;
				DEFINES_MODULE = YES;
				DYLIB_COMPATIBILITY_VERSION = 1;
				DYLIB_CURRENT_VERSION = 1;
				DYLIB_INSTALL_NAME_BASE = "@rpath";
				HEADER_SEARCH_PATHS = (
					"$(PROJECT_DIR)/../../../ThirdParty/jpeg/ios",
					"$(PROJECT_DIR)/../../../ThirdParty/png/ios",
					"$(PROJECT_DIR)/../../../ThirdParty/gif",
					"$(PROJECT_DIR)/../../../ThirdParty/curl",
				);
				INFOPLIST_FILE = Framework/Info.plist;
				INSTALL_PATH = "$(LOCAL_LIBRARY_DIR)/Frameworks";
				LD_RUNPATH_SEARCH_PATHS = "$(inherited) @executable_path/Frameworks @loader_path/Frameworks";
				LIBRARY_SEARCH_PATHS = (
					"$(PROJECT_DIR)/../../../ThirdParty/prebuilt/ios",
					"$(PROJECT_DIR)",
				);
				MACH_O_TYPE = staticlib;
				PRODUCT_BUNDLE_IDENTIFIER = moemiku.Framework;
				PRODUCT_NAME = "$(TARGET_NAME)";
				SKIP_INSTALL = YES;
				TARGETED_DEVICE_FAMILY = "1,2";
				VERSIONING_SYSTEM = "apple-generic";
				VERSION_INFO_PREFIX = "";
			};
			name = Debug;
		};
		3EAA6CE71CA243210037291F /* Release */ = {
			isa = XCBuildConfiguration;
			buildSettings = {
				CURRENT_PROJECT_VERSION = 1;
				DEFINES_MODULE = YES;
				DYLIB_COMPATIBILITY_VERSION = 1;
				DYLIB_CURRENT_VERSION = 1;
				DYLIB_INSTALL_NAME_BASE = "@rpath";
				HEADER_SEARCH_PATHS = (
					"$(PROJECT_DIR)/../../../ThirdParty/jpeg/ios",
					"$(PROJECT_DIR)/../../../ThirdParty/png/ios",
					"$(PROJECT_DIR)/../../../ThirdParty/gif",
					"$(PROJECT_DIR)/../../../ThirdParty/curl",
				);
				INFOPLIST_FILE = Framework/Info.plist;
				INSTALL_PATH = "$(LOCAL_LIBRARY_DIR)/Frameworks";
				LD_RUNPATH_SEARCH_PATHS = "$(inherited) @executable_path/Frameworks @loader_path/Frameworks";
				LIBRARY_SEARCH_PATHS = (
					"$(PROJECT_DIR)/../../../ThirdParty/prebuilt/ios",
					"$(PROJECT_DIR)",
				);
				MACH_O_TYPE = staticlib;
				PRODUCT_BUNDLE_IDENTIFIER = moemiku.Framework;
				PRODUCT_NAME = "$(TARGET_NAME)";
				SKIP_INSTALL = YES;
				TARGETED_DEVICE_FAMILY = "1,2";
				VERSIONING_SYSTEM = "apple-generic";
				VERSION_INFO_PREFIX = "";
			};
			name = Release;
		};
		3EAA6CEA1CA244310037291F /* Debug */ = {
			isa = XCBuildConfiguration;
			buildSettings = {
				PRODUCT_NAME = "$(TARGET_NAME)";
			};
			name = Debug;
		};
		3EAA6CEB1CA244310037291F /* Release */ = {
			isa = XCBuildConfiguration;
			buildSettings = {
				PRODUCT_NAME = "$(TARGET_NAME)";
			};
			name = Release;
		};
/* End XCBuildConfiguration section */

/* Begin XCConfigurationList section */
		3E1415991C9AA7C500A84DF1 /* Build configuration list for PBXProject "XDUILib" */ = {
			isa = XCConfigurationList;
			buildConfigurations = (
				3E1415A51C9AA7C500A84DF1 /* Debug */,
				3E1415A61C9AA7C500A84DF1 /* Release */,
			);
			defaultConfigurationIsVisible = 0;
			defaultConfigurationName = Release;
		};
		3E1415A71C9AA7C500A84DF1 /* Build configuration list for PBXNativeTarget "XDUILib" */ = {
			isa = XCConfigurationList;
			buildConfigurations = (
				3E1415A81C9AA7C500A84DF1 /* Debug */,
				3E1415A91C9AA7C500A84DF1 /* Release */,
			);
			defaultConfigurationIsVisible = 0;
			defaultConfigurationName = Release;
		};
		3EAA6CE51CA243210037291F /* Build configuration list for PBXNativeTarget "Framework" */ = {
			isa = XCConfigurationList;
			buildConfigurations = (
				3EAA6CE61CA243210037291F /* Debug */,
				3EAA6CE71CA243210037291F /* Release */,
			);
			defaultConfigurationIsVisible = 0;
			defaultConfigurationName = Release;
		};
		3EAA6CE91CA244310037291F /* Build configuration list for PBXAggregateTarget "Build" */ = {
			isa = XCConfigurationList;
			buildConfigurations = (
				3EAA6CEA1CA244310037291F /* Debug */,
				3EAA6CEB1CA244310037291F /* Release */,
			);
			defaultConfigurationIsVisible = 0;
			defaultConfigurationName = Release;
		};
/* End XCConfigurationList section */
	};
	rootObject = 3E1415961C9AA7C500A84DF1 /* Project object */;
}
