
Microsoft Visual Studio Solution File, Format Version 12.00
# Visual Studio 14
VisualStudioVersion = 14.0.24720.0
MinimumVisualStudioVersion = 10.0.40219.1
Project("{8BC9CEB8-8B4A-11D0-8D11-00A0C91BC942}") = "SimpleDirectUI", "SimpleDirectUI\SimpleDirectUI.vcxproj", "{4FD85B9C-904D-4756-A274-D1EC0B65AE68}"
EndProject
Project("{8BC9CEB8-8B4A-11D0-8D11-00A0C91BC942}") = "TestUI", "TestUI\TestUI.vcxproj", "{BF2905C1-F82D-430F-89FF-04F34EC492BD}"
EndProject
Project("{2150E333-8FDC-42A3-9474-1A3956D46DE8}") = "Library", "Library", "{3E8B0B6C-CC77-4AE3-AE19-632AEF9D9F6F}"
EndProject
Project("{2150E333-8FDC-42A3-9474-1A3956D46DE8}") = "Example", "Example", "{6BC53D78-A716-42CF-833C-E0F6F3A5E6B1}"
EndProject
Project("{8BC9CEB8-8B4A-11D0-8D11-00A0C91BC942}") = "DispatchLib", "DispatchLib\DispatchLib.vcxproj", "{BB47E085-CFD6-4DEF-8C6A-24452484F3FF}"
EndProject
Project("{8BC9CEB8-8B4A-11D0-8D11-00A0C91BC942}") = "TryAnimation", "TryAnimation\TryAnimation.vcxproj", "{27A3607A-64AE-4144-9551-8194AA5EF5B6}"
EndProject
Global
	GlobalSection(SolutionConfigurationPlatforms) = preSolution
		Debug|Win32 = Debug|Win32
		Debug|x64 = Debug|x64
		Release|Win32 = Release|Win32
		Release|x64 = Release|x64
	EndGlobalSection
	GlobalSection(ProjectConfigurationPlatforms) = postSolution
		{4FD85B9C-904D-4756-A274-D1EC0B65AE68}.Debug|Win32.ActiveCfg = Debug|Win32
		{4FD85B9C-904D-4756-A274-D1EC0B65AE68}.Debug|Win32.Build.0 = Debug|Win32
		{4FD85B9C-904D-4756-A274-D1EC0B65AE68}.Debug|x64.ActiveCfg = Debug|Win32
		{4FD85B9C-904D-4756-A274-D1EC0B65AE68}.Release|Win32.ActiveCfg = Release|Win32
		{4FD85B9C-904D-4756-A274-D1EC0B65AE68}.Release|Win32.Build.0 = Release|Win32
		{4FD85B9C-904D-4756-A274-D1EC0B65AE68}.Release|x64.ActiveCfg = Release|Win32
		{BF2905C1-F82D-430F-89FF-04F34EC492BD}.Debug|Win32.ActiveCfg = Debug|Win32
		{BF2905C1-F82D-430F-89FF-04F34EC492BD}.Debug|Win32.Build.0 = Debug|Win32
		{BF2905C1-F82D-430F-89FF-04F34EC492BD}.Debug|x64.ActiveCfg = Debug|Win32
		{BF2905C1-F82D-430F-89FF-04F34EC492BD}.Release|Win32.ActiveCfg = Release|Win32
		{BF2905C1-F82D-430F-89FF-04F34EC492BD}.Release|Win32.Build.0 = Release|Win32
		{BF2905C1-F82D-430F-89FF-04F34EC492BD}.Release|x64.ActiveCfg = Release|Win32
		{BB47E085-CFD6-4DEF-8C6A-24452484F3FF}.Debug|Win32.ActiveCfg = Debug|Win32
		{BB47E085-CFD6-4DEF-8C6A-24452484F3FF}.Debug|Win32.Build.0 = Debug|Win32
		{BB47E085-CFD6-4DEF-8C6A-24452484F3FF}.Debug|x64.ActiveCfg = Debug|Win32
		{BB47E085-CFD6-4DEF-8C6A-24452484F3FF}.Release|Win32.ActiveCfg = Release|Win32
		{BB47E085-CFD6-4DEF-8C6A-24452484F3FF}.Release|Win32.Build.0 = Release|Win32
		{BB47E085-CFD6-4DEF-8C6A-24452484F3FF}.Release|x64.ActiveCfg = Release|Win32
		{27A3607A-64AE-4144-9551-8194AA5EF5B6}.Debug|Win32.ActiveCfg = Debug|Win32
		{27A3607A-64AE-4144-9551-8194AA5EF5B6}.Debug|Win32.Build.0 = Debug|Win32
		{27A3607A-64AE-4144-9551-8194AA5EF5B6}.Debug|x64.ActiveCfg = Debug|Win32
		{27A3607A-64AE-4144-9551-8194AA5EF5B6}.Release|Win32.ActiveCfg = Release|Win32
		{27A3607A-64AE-4144-9551-8194AA5EF5B6}.Release|Win32.Build.0 = Release|Win32
		{27A3607A-64AE-4144-9551-8194AA5EF5B6}.Release|x64.ActiveCfg = Release|Win32
	EndGlobalSection
	GlobalSection(SolutionProperties) = preSolution
		HideSolutionNode = FALSE
	EndGlobalSection
	GlobalSection(NestedProjects) = preSolution
		{4FD85B9C-904D-4756-A274-D1EC0B65AE68} = {3E8B0B6C-CC77-4AE3-AE19-632AEF9D9F6F}
		{BF2905C1-F82D-430F-89FF-04F34EC492BD} = {6BC53D78-A716-42CF-833C-E0F6F3A5E6B1}
		{BB47E085-CFD6-4DEF-8C6A-24452484F3FF} = {3E8B0B6C-CC77-4AE3-AE19-632AEF9D9F6F}
		{27A3607A-64AE-4144-9551-8194AA5EF5B6} = {6BC53D78-A716-42CF-833C-E0F6F3A5E6B1}
	EndGlobalSection
EndGlobal
