<?xml version="1.0" encoding="utf-8"?>
<Project ToolsVersion="4.0" xmlns="http://schemas.microsoft.com/developer/msbuild/2003">
  <ItemGroup>
    <ClCompile Include="SimpleDirectUI.cpp" />
    <ClCompile Include="BaseControl.cpp">
      <Filter>Control</Filter>
    </ClCompile>
    <ClCompile Include="ControlManager.cpp">
      <Filter>Control</Filter>
    </ClCompile>
    <ClCompile Include="XButton.cpp">
      <Filter>Control</Filter>
    </ClCompile>
    <ClCompile Include="XRichTextBox.cpp">
      <Filter>Control</Filter>
    </ClCompile>
    <ClCompile Include="XPanel.cpp">
      <Filter>Control</Filter>
    </ClCompile>
    <ClCompile Include="XVScrollBar.cpp">
      <Filter>Control</Filter>
    </ClCompile>
    <ClCompile Include="XRect.cpp">
      <Filter>Resource</Filter>
    </ClCompile>
    <ClCompile Include="BaseWindow.cpp">
      <Filter>Window</Filter>
    </ClCompile>
    <ClCompile Include="WindowsManager.cpp">
      <Filter>Window</Filter>
    </ClCompile>
    <ClCompile Include="stdafx.cpp">
      <Filter>Header</Filter>
    </ClCompile>
    <ClCompile Include="XTextBox.cpp">
      <Filter>Control</Filter>
    </ClCompile>
    <ClCompile Include="XCheckBox.cpp">
      <Filter>Control</Filter>
    </ClCompile>
    <ClCompile Include="RunTimeClass.cpp">
      <Filter>RunTime</Filter>
    </ClCompile>
    <ClCompile Include="tinyxml2.cpp">
      <Filter>XMLManager</Filter>
    </ClCompile>
    <ClCompile Include="XMLManager.cpp">
      <Filter>XMLManager</Filter>
    </ClCompile>
    <ClCompile Include="GlobalStatus.cpp">
      <Filter>GlobleStatus</Filter>
    </ClCompile>
    <ClCompile Include="Animation.cpp">
      <Filter>Animation</Filter>
    </ClCompile>
    <ClCompile Include="AnimationManager.cpp">
      <Filter>Animation</Filter>
    </ClCompile>
    <ClCompile Include="XMLLoader.cpp">
      <Filter>XMLManager</Filter>
    </ClCompile>
    <ClCompile Include="GDICacheGraphics.cpp">
      <Filter>Render\GDIPlus</Filter>
    </ClCompile>
    <ClCompile Include="ViewController\ViewController.cpp">
      <Filter>ViewController</Filter>
    </ClCompile>
    <ClCompile Include="ViewController\View.cpp">
      <Filter>View</Filter>
    </ClCompile>
    <ClCompile Include="GDIRender.cpp">
      <Filter>Render\GDIPlus</Filter>
    </ClCompile>
  </ItemGroup>
  <ItemGroup>
    <ClInclude Include="SimpleDirectUI.h" />
    <ClInclude Include="BaseControl.h">
      <Filter>Control</Filter>
    </ClInclude>
    <ClInclude Include="ControlManager.h">
      <Filter>Control</Filter>
    </ClInclude>
    <ClInclude Include="XButton.h">
      <Filter>Control</Filter>
    </ClInclude>
    <ClInclude Include="IBaseControl.h">
      <Filter>Control</Filter>
    </ClInclude>
    <ClInclude Include="XRichTextBox.h">
      <Filter>Control</Filter>
    </ClInclude>
    <ClInclude Include="XPanel.h">
      <Filter>Control</Filter>
    </ClInclude>
    <ClInclude Include="XVScrollBar.h">
      <Filter>Control</Filter>
    </ClInclude>
    <ClInclude Include="XRect.h">
      <Filter>Resource</Filter>
    </ClInclude>
    <ClInclude Include="XImage.h">
      <Filter>Resource</Filter>
    </ClInclude>
    <ClInclude Include="XText.h">
      <Filter>Resource</Filter>
    </ClInclude>
    <ClInclude Include="XScrollViewer.h">
      <Filter>Control</Filter>
    </ClInclude>
    <ClInclude Include="DllExport.h">
      <Filter>Header</Filter>
    </ClInclude>
    <ClInclude Include="BaseWindow.h">
      <Filter>Window</Filter>
    </ClInclude>
    <ClInclude Include="IBaseWindow.h">
      <Filter>Window</Filter>
    </ClInclude>
    <ClInclude Include="WindowsManager.h">
      <Filter>Window</Filter>
    </ClInclude>
    <ClInclude Include="stdafx.h">
      <Filter>Header</Filter>
    </ClInclude>
    <ClInclude Include="XControls.h">
      <Filter>Control</Filter>
    </ClInclude>
    <ClInclude Include="XTextBox.h">
      <Filter>Control</Filter>
    </ClInclude>
    <ClInclude Include="XCheckBox.h">
      <Filter>Control</Filter>
    </ClInclude>
    <ClInclude Include="RunTimeClass.h">
      <Filter>RunTime</Filter>
    </ClInclude>
    <ClInclude Include="tinyxml2.h">
      <Filter>XMLManager</Filter>
    </ClInclude>
    <ClInclude Include="XMLManager.h">
      <Filter>XMLManager</Filter>
    </ClInclude>
    <ClInclude Include="XRoot.h">
      <Filter>XMLManager</Filter>
    </ClInclude>
    <ClInclude Include="XNode.h">
      <Filter>XMLManager</Filter>
    </ClInclude>
    <ClInclude Include="XRectPro.h">
      <Filter>Resource</Filter>
    </ClInclude>
    <ClInclude Include="XResource.h">
      <Filter>Resource</Filter>
    </ClInclude>
    <ClInclude Include="GlobalStatus.h">
      <Filter>GlobleStatus</Filter>
    </ClInclude>
    <ClInclude Include="IAnimation.h">
      <Filter>Animation</Filter>
    </ClInclude>
    <ClInclude Include="Animation.h">
      <Filter>Animation</Filter>
    </ClInclude>
    <ClInclude Include="AnimationManager.h">
      <Filter>Animation</Filter>
    </ClInclude>
    <ClInclude Include="XMLLoader.h">
      <Filter>XMLManager</Filter>
    </ClInclude>
    <ClInclude Include="GDICacheGraphics.h">
      <Filter>Render\GDIPlus</Filter>
    </ClInclude>
    <ClInclude Include="IXRender.h">
      <Filter>Render</Filter>
    </ClInclude>
    <ClInclude Include="IXCanvas.h">
      <Filter>Render</Filter>
    </ClInclude>
    <ClInclude Include="GDICanvas.h">
      <Filter>Render\GDIPlus</Filter>
    </ClInclude>
    <ClInclude Include="ViewController\ViewController.h">
      <Filter>ViewController</Filter>
    </ClInclude>
    <ClInclude Include="View\View.h">
      <Filter>View</Filter>
    </ClInclude>
    <ClInclude Include="GLCanvas.h">
      <Filter>Render\OpenGL</Filter>
    </ClInclude>
    <ClInclude Include="GLHelper.h">
      <Filter>Render\OpenGL</Filter>
    </ClInclude>
    <ClInclude Include="GDIRender.h">
      <Filter>Render\GDIPlus</Filter>
    </ClInclude>
  </ItemGroup>
  <ItemGroup>
    <Filter Include="Control">
      <UniqueIdentifier>{7fbd45ba-a0c5-4b79-be75-8af96bdc48d4}</UniqueIdentifier>
    </Filter>
    <Filter Include="Resource">
      <UniqueIdentifier>{136aca40-f324-4221-ab1c-dd75e1f5e881}</UniqueIdentifier>
    </Filter>
    <Filter Include="Header">
      <UniqueIdentifier>{b1dc96f2-d163-41a9-90f9-aacfd0ac610e}</UniqueIdentifier>
    </Filter>
    <Filter Include="Window">
      <UniqueIdentifier>{48139b3c-e9bd-457b-b852-0bc9a9b1aea0}</UniqueIdentifier>
    </Filter>
    <Filter Include="XMLManager">
      <UniqueIdentifier>{f6a1896f-eef7-4d98-972f-76db5af0fb08}</UniqueIdentifier>
    </Filter>
    <Filter Include="RunTime">
      <UniqueIdentifier>{246f9e95-7c56-4ad2-a23f-29f40eb73b43}</UniqueIdentifier>
    </Filter>
    <Filter Include="GlobleStatus">
      <UniqueIdentifier>{b3a11d66-e5e9-4a16-a225-49931ba6b9a2}</UniqueIdentifier>
    </Filter>
    <Filter Include="Animation">
      <UniqueIdentifier>{3420f1f0-9aa6-443b-9ea7-b18040fe4afc}</UniqueIdentifier>
    </Filter>
    <Filter Include="Render">
      <UniqueIdentifier>{706efe71-9f1f-4369-9f18-f60e446501a5}</UniqueIdentifier>
    </Filter>
    <Filter Include="Render\GDIPlus">
      <UniqueIdentifier>{98ef64c8-091d-4fc2-8bf9-627ae83b2e6c}</UniqueIdentifier>
    </Filter>
    <Filter Include="ViewController">
      <UniqueIdentifier>{6fc4ee36-017d-4c73-badc-ab3fde131215}</UniqueIdentifier>
    </Filter>
    <Filter Include="View">
      <UniqueIdentifier>{757c3579-a5e3-4736-92c4-e4f739b3d116}</UniqueIdentifier>
    </Filter>
    <Filter Include="Render\OpenGL">
      <UniqueIdentifier>{b9d75983-fc95-4b76-9767-07fd6e85a74c}</UniqueIdentifier>
    </Filter>
  </ItemGroup>
</Project>