<?xml version="1.0" encoding="utf-8"?>
<Project ToolsVersion="4.0" xmlns="http://schemas.microsoft.com/developer/msbuild/2003">
  <ItemGroup>
    <Filter Include="资源文件">
      <UniqueIdentifier>{67DA6AB6-F800-4c08-8B7A-83BB121AAD01}</UniqueIdentifier>
      <Extensions>rc;ico;cur;bmp;dlg;rc2;rct;bin;rgs;gif;jpg;jpeg;jpe;resx;tiff;tif;png;wav;mfcribbon-ms</Extensions>
    </Filter>
    <Filter Include="Header">
      <UniqueIdentifier>{93995380-89BD-4b04-88EB-625FBE52EBFB}</UniqueIdentifier>
      <Extensions>h;hh;hpp;hxx;hm;inl;inc;xsd</Extensions>
    </Filter>
    <Filter Include="Header\core">
      <UniqueIdentifier>{1093ae3b-a8e0-4028-903f-813f77e3eaa6}</UniqueIdentifier>
    </Filter>
    <Filter Include="Source">
      <UniqueIdentifier>{4FC737F1-C7A5-4376-A066-2A32D752A2FF}</UniqueIdentifier>
      <Extensions>cpp;c;cc;cxx;def;odl;idl;hpj;bat;asm;asmx</Extensions>
    </Filter>
    <Filter Include="Header\win32">
      <UniqueIdentifier>{b9e0270a-c917-4089-ac06-1ae3814e292c}</UniqueIdentifier>
    </Filter>
    <Filter Include="Header\res">
      <UniqueIdentifier>{727fa374-3544-4bff-bea1-4af8ca2a2d75}</UniqueIdentifier>
    </Filter>
    <Filter Include="Header\res\XImage">
      <UniqueIdentifier>{23e35236-b92d-4e58-a6b7-494b881efe4e}</UniqueIdentifier>
    </Filter>
    <Filter Include="Header\core\GL">
      <UniqueIdentifier>{d2ce7f3c-7f3c-4dd4-9528-620f37f9d07b}</UniqueIdentifier>
    </Filter>
    <Filter Include="Header\core\input">
      <UniqueIdentifier>{9203eb57-a646-4f3f-b8e9-faa115a67840}</UniqueIdentifier>
    </Filter>
  </ItemGroup>
  <ItemGroup>
    <ClInclude Include="..\..\..\include\core\DllExport.hpp">
      <Filter>Header\core</Filter>
    </ClInclude>
    <ClInclude Include="..\..\..\include\core\GLCanvas.hpp">
      <Filter>Header\core</Filter>
    </ClInclude>
    <ClInclude Include="..\..\..\include\core\GLHelper.hpp">
      <Filter>Header\core</Filter>
    </ClInclude>
    <ClInclude Include="..\..\..\include\core\GLRender.hpp">
      <Filter>Header\core</Filter>
    </ClInclude>
    <ClInclude Include="..\..\..\include\core\IBaseControl.hpp">
      <Filter>Header\core</Filter>
    </ClInclude>
    <ClInclude Include="..\..\..\include\core\IXCanvas.hpp">
      <Filter>Header\core</Filter>
    </ClInclude>
    <ClInclude Include="..\..\..\include\core\IXRender.hpp">
      <Filter>Header\core</Filter>
    </ClInclude>
    <ClInclude Include="..\..\..\include\core\SimpleDirectUI.hpp">
      <Filter>Header\core</Filter>
    </ClInclude>
    <ClInclude Include="..\..\..\include\core\stdafx.hpp">
      <Filter>Header\core</Filter>
    </ClInclude>
    <ClInclude Include="..\..\..\include\core\XApp.hpp">
      <Filter>Header\core</Filter>
    </ClInclude>
    <ClInclude Include="..\..\..\include\core\XNode.hpp">
      <Filter>Header\core</Filter>
    </ClInclude>
    <ClInclude Include="..\..\..\include\core\XRoot.hpp">
      <Filter>Header\core</Filter>
    </ClInclude>
    <ClInclude Include="..\..\..\include\res\XRect.hpp">
      <Filter>Header\res</Filter>
    </ClInclude>
    <ClInclude Include="..\..\..\include\res\XRectPro.hpp">
      <Filter>Header\res</Filter>
    </ClInclude>
    <ClInclude Include="..\..\..\include\res\XResource.hpp">
      <Filter>Header\res</Filter>
    </ClInclude>
    <ClInclude Include="..\..\..\include\res\XText.hpp">
      <Filter>Header\res</Filter>
    </ClInclude>
    <ClInclude Include="..\..\..\include\win32\GlobalStatus.hpp">
      <Filter>Header\win32</Filter>
    </ClInclude>
    <ClInclude Include="..\..\..\include\core\IXWindow.hpp">
      <Filter>Header\core</Filter>
    </ClInclude>
    <ClInclude Include="..\..\..\include\res\XData.hpp">
      <Filter>Header\res</Filter>
    </ClInclude>
    <ClInclude Include="..\..\..\include\res\XError.hpp">
      <Filter>Header\res</Filter>
    </ClInclude>
    <ClInclude Include="..\..\..\include\res\XString.hpp">
      <Filter>Header\res</Filter>
    </ClInclude>
    <ClInclude Include="..\..\..\include\res\XImage\IXImage.hpp">
      <Filter>Header\res\XImage</Filter>
    </ClInclude>
    <ClInclude Include="..\..\..\include\res\XImage\XGifDecoder.hpp">
      <Filter>Header\res\XImage</Filter>
    </ClInclude>
    <ClInclude Include="..\..\..\include\res\XImage\XImage.hpp">
      <Filter>Header\res\XImage</Filter>
    </ClInclude>
    <ClInclude Include="..\..\..\include\res\XImage\XImageDecoder.hpp">
      <Filter>Header\res\XImage</Filter>
    </ClInclude>
    <ClInclude Include="..\..\..\include\res\XImage\XJPGDecoder.hpp">
      <Filter>Header\res\XImage</Filter>
    </ClInclude>
    <ClInclude Include="..\..\..\include\res\XImage\XPngDecoder.hpp">
      <Filter>Header\res\XImage</Filter>
    </ClInclude>
    <ClInclude Include="..\..\..\include\core\GL\glheaders.h">
      <Filter>Header\core\GL</Filter>
    </ClInclude>
    <ClInclude Include="..\..\..\include\core\GL\GLProgram.hpp">
      <Filter>Header\core\GL</Filter>
    </ClInclude>
    <ClInclude Include="..\..\..\include\core\GL\GLRenderData.hpp">
      <Filter>Header\core\GL</Filter>
    </ClInclude>
    <ClInclude Include="..\..\..\include\core\input\XInput.hpp">
      <Filter>Header\core\input</Filter>
    </ClInclude>
    <ClInclude Include="..\..\..\include\core\input\XInputs.hpp">
      <Filter>Header\core\input</Filter>
    </ClInclude>
    <ClInclude Include="..\..\..\include\core\input\XTouch.hpp">
      <Filter>Header\core\input</Filter>
    </ClInclude>
    <ClInclude Include="..\..\..\include\core\XResManager.hpp">
      <Filter>Header\core</Filter>
    </ClInclude>
    <ClInclude Include="..\..\..\include\core\UIView.hpp">
      <Filter>Header\core</Filter>
    </ClInclude>
    <ClInclude Include="..\..\..\include\core\XWindow.hpp">
      <Filter>Header\core</Filter>
    </ClInclude>
    <ClInclude Include="..\..\..\include\win32\XWindow_win.hpp">
      <Filter>Header\win32</Filter>
    </ClInclude>
    <ClInclude Include="..\..\..\include\win32\WindowsManager.hpp">
      <Filter>Header\win32</Filter>
    </ClInclude>
    <ClInclude Include="..\..\..\include\win32\XCanvas_win.hpp">
      <Filter>Header\win32</Filter>
    </ClInclude>
    <ClInclude Include="..\..\..\include\win32\GDICacheGraphics.hpp">
      <Filter>Header\win32</Filter>
    </ClInclude>
    <ClInclude Include="..\..\..\include\win32\GDICanvas.hpp">
      <Filter>Header\win32</Filter>
    </ClInclude>
    <ClInclude Include="..\..\..\include\win32\GDIRender.hpp">
      <Filter>Header\win32</Filter>
    </ClInclude>
    <ClInclude Include="..\..\..\include\core\input\XMouse.hpp">
      <Filter>Header\core\input</Filter>
    </ClInclude>
  </ItemGroup>
  <ItemGroup>
    <ClCompile Include="..\..\..\include\core\GLCanvas.cpp">
      <Filter>Header\core</Filter>
    </ClCompile>
    <ClCompile Include="..\..\..\include\core\GLRender.cpp">
      <Filter>Header\core</Filter>
    </ClCompile>
    <ClCompile Include="..\..\..\include\core\stdafx.cpp">
      <Filter>Header\core</Filter>
    </ClCompile>
    <ClCompile Include="..\..\..\include\core\XApp.cpp">
      <Filter>Header\core</Filter>
    </ClCompile>
    <ClCompile Include="..\..\..\include\res\XRect.cpp">
      <Filter>Header\res</Filter>
    </ClCompile>
    <ClCompile Include="..\..\..\include\win32\dllmain.cpp">
      <Filter>Header\win32</Filter>
    </ClCompile>
    <ClCompile Include="..\..\..\include\res\XData.cpp">
      <Filter>Header\res</Filter>
    </ClCompile>
    <ClCompile Include="..\..\..\include\res\XError.cpp">
      <Filter>Header\res</Filter>
    </ClCompile>
    <ClCompile Include="..\..\..\include\res\XString.cpp">
      <Filter>Header\res</Filter>
    </ClCompile>
    <ClCompile Include="..\..\..\include\res\XImage\XGifDecoder.cpp">
      <Filter>Header\res\XImage</Filter>
    </ClCompile>
    <ClCompile Include="..\..\..\include\res\XImage\XImage.cpp">
      <Filter>Header\res\XImage</Filter>
    </ClCompile>
    <ClCompile Include="..\..\..\include\res\XImage\XImageDecoder.cpp">
      <Filter>Header\res\XImage</Filter>
    </ClCompile>
    <ClCompile Include="..\..\..\include\res\XImage\XJPGDecoder.cpp">
      <Filter>Header\res\XImage</Filter>
    </ClCompile>
    <ClCompile Include="..\..\..\include\res\XImage\XPngDecoder.cpp">
      <Filter>Header\res\XImage</Filter>
    </ClCompile>
    <ClCompile Include="..\..\..\include\core\GL\GLProgram.cpp">
      <Filter>Header\core\GL</Filter>
    </ClCompile>
    <ClCompile Include="..\..\..\include\core\GL\GLRenderData.cpp">
      <Filter>Header\core\GL</Filter>
    </ClCompile>
    <ClCompile Include="..\..\..\include\core\input\XInput.cpp">
      <Filter>Header\core\input</Filter>
    </ClCompile>
    <ClCompile Include="..\..\..\include\core\input\XTouch.cpp">
      <Filter>Header\core\input</Filter>
    </ClCompile>
    <ClCompile Include="..\..\..\include\core\XResManager.cpp">
      <Filter>Header\core</Filter>
    </ClCompile>
    <ClCompile Include="..\..\..\include\win32\XResManager_win.cpp">
      <Filter>Header\win32</Filter>
    </ClCompile>
    <ClCompile Include="..\..\..\include\core\UIView.cpp">
      <Filter>Header\core</Filter>
    </ClCompile>
    <ClCompile Include="..\..\..\include\win32\XApp_win.cpp">
      <Filter>Header\win32</Filter>
    </ClCompile>
    <ClCompile Include="..\..\..\include\core\XWindow.cpp">
      <Filter>Header\core</Filter>
    </ClCompile>
    <ClCompile Include="..\..\..\include\win32\XWindow_win.cpp">
      <Filter>Header\win32</Filter>
    </ClCompile>
    <ClCompile Include="..\..\..\include\win32\WindowsManager.cpp">
      <Filter>Header\win32</Filter>
    </ClCompile>
    <ClCompile Include="..\..\..\include\win32\XCanvas_win.cpp">
      <Filter>Header\win32</Filter>
    </ClCompile>
    <ClCompile Include="..\..\..\include\win32\GDIRender.cpp">
      <Filter>Header\win32</Filter>
    </ClCompile>
    <ClCompile Include="..\..\..\include\win32\GDICacheGraphics.cpp">
      <Filter>Header\win32</Filter>
    </ClCompile>
    <ClCompile Include="..\..\..\include\core\input\XMouse.cpp">
      <Filter>Header\core\input</Filter>
    </ClCompile>
  </ItemGroup>
</Project>