// !$*UTF8*$!
{
	archiveVersion = 1;
	classes = {
	};
	objectVersion = 46;
	objects = {

/* Begin PBXBuildFile section */
		3EAA6CD01CA239570037291F /* FragmentShader.fsh in Resources */ = {isa = PBXBuildFile; fileRef = 3EAA6CCE1CA239570037291F /* FragmentShader.fsh */; };
		3EAA6CD11CA239570037291F /* VertexShader.vsh in Resources */ = {isa = PBXBuildFile; fileRef = 3EAA6CCF1CA239570037291F /* VertexShader.vsh */; };
/* End PBXBuildFile section */

/* Begin PBXFileReference section */
		3EAA6CBD1CA2392E0037291F /* Bundle.bundle */ = {isa = PBXFileReference; explicitFileType = wrapper.cfbundle; includeInIndex = 0; path = Bundle.bundle; sourceTree = BUILT_PRODUCTS_DIR; };
		3EAA6CC01CA2392E0037291F /* Info.plist */ = {isa = PBXFileReference; lastKnownFileType = text.plist.xml; path = Info.plist; sourceTree = "<group>"; };
		3EAA6CCE1CA239570037291F /* FragmentShader.fsh */ = {isa = PBXFileReference; fileEncoding = 4; lastKnownFileType = sourcecode.glsl; path = FragmentShader.fsh; sourceTree = "<group>"; };
		3EAA6CCF1CA239570037291F /* VertexShader.vsh */ = {isa = PBXFileReference; fileEncoding = 4; lastKnownFileType = sourcecode.glsl; path = VertexShader.vsh; sourceTree = "<group>"; };
/* End PBXFileReference section */

/* Begin PBXFrameworksBuildPhase section */
		3EAA6CBA1CA2392E0037291F /* Frameworks */ = {
			isa = PBXFrameworksBuildPhase;
			buildActionMask = 2147483647;
			files = (
			);
			runOnlyForDeploymentPostprocessing = 0;
		};
/* End PBXFrameworksBuildPhase section */

/* Begin PBXGroup section */
		3EAA6CB41CA2392E0037291F = {
			isa = PBXGroup;
			children = (
				3EAA6CCC1CA239570037291F /* resource */,
				3EAA6CBF1CA2392E0037291F /* Bundle */,
				3EAA6CBE1CA2392E0037291F /* Products */,
			);
			sourceTree = "<group>";
		};
		3EAA6CBE1CA2392E0037291F /* Products */ = {
			isa = PBXGroup;
			children = (
				3EAA6CBD1CA2392E0037291F /* Bundle.bundle */,
			);
			name = Products;
			sourceTree = "<group>";
		};
		3EAA6CBF1CA2392E0037291F /* Bundle */ = {
			isa = PBXGroup;
			children = (
				3EAA6CC01CA2392E0037291F /* Info.plist */,
			);
			path = Bundle;
			sourceTree = "<group>";
		};
		3EAA6CCC1CA239570037291F /* resource */ = {
			isa = PBXGroup;
			children = (
				3EAA6CCD1CA239570037291F /* shader */,
			);
			name = resource;
			path = ../../../../resource;
			sourceTree = "<group>";
		};
		3EAA6CCD1CA239570037291F /* shader */ = {
			isa = PBXGroup;
			children = (
				3EAA6CCE1CA239570037291F /* FragmentShader.fsh */,
				3EAA6CCF1CA239570037291F /* VertexShader.vsh */,
			);
			path = shader;
			sourceTree = "<group>";
		};
/* End PBXGroup section */

/* Begin PBXNativeTarget section */
		3EAA6CBC1CA2392E0037291F /* Bundle */ = {
			isa = PBXNativeTarget;
			buildConfigurationList = 3EAA6CC31CA2392E0037291F /* Build configuration list for PBXNativeTarget "Bundle" */;
			buildPhases = (
				3EAA6CB91CA2392E0037291F /* Sources */,
				3EAA6CBA1CA2392E0037291F /* Frameworks */,
				3EAA6CBB1CA2392E0037291F /* Resources */,
			);
			buildRules = (
			);
			dependencies = (
			);
			name = Bundle;
			productName = Bundle;
			productReference = 3EAA6CBD1CA2392E0037291F /* Bundle.bundle */;
			productType = "com.apple.product-type.bundle";
		};
/* End PBXNativeTarget section */

/* Begin PBXProject section */
		3EAA6CB51CA2392E0037291F /* Project object */ = {
			isa = PBXProject;
			attributes = {
				LastUpgradeCheck = 0720;
				ORGANIZATIONNAME = wudijimao;
				TargetAttributes = {
					3EAA6CBC1CA2392E0037291F = {
						CreatedOnToolsVersion = 7.2;
					};
				};
			};
			buildConfigurationList = 3EAA6CB81CA2392E0037291F /* Build configuration list for PBXProject "Bundle" */;
			compatibilityVersion = "Xcode 3.2";
			developmentRegion = English;
			hasScannedForEncodings = 0;
			knownRegions = (
				en,
			);
			mainGroup = 3EAA6CB41CA2392E0037291F;
			productRefGroup = 3EAA6CBE1CA2392E0037291F /* Products */;
			projectDirPath = "";
			projectRoot = "";
			targets = (
				3EAA6CBC1CA2392E0037291F /* Bundle */,
			);
		};
/* End PBXProject section */

/* Begin PBXResourcesBuildPhase section */
		3EAA6CBB1CA2392E0037291F /* Resources */ = {
			isa = PBXResourcesBuildPhase;
			buildActionMask = 2147483647;
			files = (
				3EAA6CD11CA239570037291F /* VertexShader.vsh in Resources */,
				3EAA6CD01CA239570037291F /* FragmentShader.fsh in Resources */,
			);
			runOnlyForDeploymentPostprocessing = 0;
		};
/* End PBXResourcesBuildPhase section */

/* Begin PBXSourcesBuildPhase section */
		3EAA6CB91CA2392E0037291F /* Sources */ = {
			isa = PBXSourcesBuildPhase;
			buildActionMask = 2147483647;
			files = (
			);
			runOnlyForDeploymentPostprocessing = 0;
		};
/* End PBXSourcesBuildPhase section */

/* Begin XCBuildConfiguration section */
		3EAA6CC11CA2392E0037291F /* Debug */ = {
			isa = XCBuildConfiguration;
			buildSettings = {
				ALWAYS_SEARCH_USER_PATHS = NO;
				CLANG_CXX_LANGUAGE_STANDARD = "gnu++0x";
				CLANG_CXX_LIBRARY = "libc++";
				CLANG_ENABLE_MODULES = YES;
				CLANG_ENABLE_OBJC_ARC = YES;
				CLANG_WARN_BOOL_CONVERSION = YES;
				CLANG_WARN_CONSTANT_CONVERSION = YES;
				CLANG_WARN_DIRECT_OBJC_ISA_USAGE = YES_ERROR;
				CLANG_WARN_EMPTY_BODY = YES;
				CLANG_WARN_ENUM_CONVERSION = YES;
				CLANG_WARN_INT_CONVERSION = YES;
				CLANG_WARN_OBJC_ROOT_CLASS = YES_ERROR;
				CLANG_WARN_UNREACHABLE_CODE = YES;
				CLANG_WARN__DUPLICATE_METHOD_MATCH = YES;
				CODE_SIGN_IDENTITY = "-";
				COPY_PHASE_STRIP = NO;
				DEBUG_INFORMATION_FORMAT = dwarf;
				ENABLE_STRICT_OBJC_MSGSEND = YES;
				ENABLE_TESTABILITY = YES;
				GCC_C_LANGUAGE_STANDARD = gnu99;
				GCC_DYNAMIC_NO_PIC = NO;
				GCC_NO_COMMON_BLOCKS = YES;
				GCC_OPTIMIZATION_LEVEL = 0;
				GCC_PREPROCESSOR_DEFINITIONS = (
					"DEBUG=1",
					"$(inherited)",
				);
				GCC_WARN_64_TO_32_BIT_CONVERSION = YES;
				GCC_WARN_ABOUT_RETURN_TYPE = YES_ERROR;
				GCC_WARN_UNDECLARED_SELECTOR = YES;
				GCC_WARN_UNINITIALIZED_AUTOS = YES_AGGRESSIVE;
				GCC_WARN_UNUSED_FUNCTION = YES;
				GCC_WARN_UNUSED_VARIABLE = YES;
				MACOSX_DEPLOYMENT_TARGET = 10.11;
				MTL_ENABLE_DEBUG_INFO = YES;
				ONLY_ACTIVE_ARCH = YES;
				SDKROOT = macosx;
			};
			name = Debug;
		};
		3EAA6CC21CA2392E0037291F /* Release */ = {
			isa = XCBuildConfiguration;
			buildSettings = {
				ALWAYS_SEARCH_USER_PATHS = NO;
				CLANG_CXX_LANGUAGE_STANDARD = "gnu++0x";
				CLANG_CXX_LIBRARY = "libc++";
				CLANG_ENABLE_MODULES = YES;
				CLANG_ENABLE_OBJC_ARC = YES;
				CLANG_WARN_BOOL_CONVERSION = YES;
				CLANG_WARN_CONSTANT_CONVERSION = YES;
				CLANG_WARN_DIRECT_OBJC_ISA_USAGE = YES_ERROR;
				CLANG_WARN_EMPTY_BODY = YES;
				CLANG_WARN_ENUM_CONVERSION = YES;
				CLANG_WARN_INT_CONVERSION = YES;
				CLANG_WARN_OBJC_ROOT_CLASS = YES_ERROR;
				CLANG_WARN_UNREACHABLE_CODE = YES;
				CLANG_WARN__DUPLICATE_METHOD_MATCH = YES;
				CODE_SIGN_IDENTITY = "-";
				COPY_PHASE_STRIP = NO;
				DEBUG_INFORMATION_FORMAT = "dwarf-with-dsym";
				ENABLE_NS_ASSERTIONS = NO;
				ENABLE_STRICT_OBJC_MSGSEND = YES;
				GCC_C_LANGUAGE_STANDARD = gnu99;
				GCC_NO_COMMON_BLOCKS = YES;
				GCC_WARN_64_TO_32_BIT_CONVERSION = YES;
				GCC_WARN_ABOUT_RETURN_TYPE = YES_ERROR;
				GCC_WARN_UNDECLARED_SELECTOR = YES;
				GCC_WARN_UNINITIALIZED_AUTOS = YES_AGGRESSIVE;
				GCC_WARN_UNUSED_FUNCTION = YES;
				GCC_WARN_UNUSED_VARIABLE = YES;
				MACOSX_DEPLOYMENT_TARGET = 10.11;
				MTL_ENABLE_DEBUG_INFO = NO;
				SDKROOT = macosx;
			};
			name = Release;
		};
		3EAA6CC41CA2392E0037291F /* Debug */ = {
			isa = XCBuildConfiguration;
			buildSettings = {
				COMBINE_HIDPI_IMAGES = YES;
				INFOPLIST_FILE = Bundle/Info.plist;
				INSTALL_PATH = "$(LOCAL_LIBRARY_DIR)/Bundles";
				PRODUCT_BUNDLE_IDENTIFIER = moemiku.Bundle;
				PRODUCT_NAME = "$(TARGET_NAME)";
				SKIP_INSTALL = YES;
				WRAPPER_EXTENSION = bundle;
			};
			name = Debug;
		};
		3EAA6CC51CA2392E0037291F /* Release */ = {
			isa = XCBuildConfiguration;
			buildSettings = {
				COMBINE_HIDPI_IMAGES = YES;
				INFOPLIST_FILE = Bundle/Info.plist;
				INSTALL_PATH = "$(LOCAL_LIBRARY_DIR)/Bundles";
				PRODUCT_BUNDLE_IDENTIFIER = moemiku.Bundle;
				PRODUCT_NAME = "$(TARGET_NAME)";
				SKIP_INSTALL = YES;
				WRAPPER_EXTENSION = bundle;
			};
			name = Release;
		};
/* End XCBuildConfiguration section */

/* Begin XCConfigurationList section */
		3EAA6CB81CA2392E0037291F /* Build configuration list for PBXProject "Bundle" */ = {
			isa = XCConfigurationList;
			buildConfigurations = (
				3EAA6CC11CA2392E0037291F /* Debug */,
				3EAA6CC21CA2392E0037291F /* Release */,
			);
			defaultConfigurationIsVisible = 0;
			defaultConfigurationName = Release;
		};
		3EAA6CC31CA2392E0037291F /* Build configuration list for PBXNativeTarget "Bundle" */ = {
			isa = XCConfigurationList;
			buildConfigurations = (
				3EAA6CC41CA2392E0037291F /* Debug */,
				3EAA6CC51CA2392E0037291F /* Release */,
			);
			defaultConfigurationIsVisible = 0;
		};
/* End XCConfigurationList section */
	};
	rootObject = 3EAA6CB51CA2392E0037291F /* Project object */;
}
