// !$*UTF8*$!
{
	archiveVersion = 1;
	classes = {
	};
	objectVersion = 46;
	objects = {

/* Begin PBXBuildFile section */
		3E1416951C9AC4F600A84DF1 /* Images.xcassets in Resources */ = {isa = PBXBuildFile; fileRef = 3E1416941C9AC4F600A84DF1 /* Images.xcassets */; };
		3E1416971C9AC54F00A84DF1 /* Launch Screen.storyboard in Resources */ = {isa = PBXBuildFile; fileRef = 3E1416961C9AC54F00A84DF1 /* Launch Screen.storyboard */; };
		3E18FA1D1CFBE31D00FB3249 /* libXDUILib.a in Frameworks */ = {isa = PBXBuildFile; fileRef = 3E18FA1C1CFBE31D00FB3249 /* libXDUILib.a */; };
		3E21D10F1CAAC7F600590427 /* GLKit.framework in Frameworks */ = {isa = PBXBuildFile; fileRef = 3E21D10E1CAAC7F600590427 /* GLKit.framework */; };
		3E2D8E061D2128E000312E21 /* CoreGraphics.framework in Frameworks */ = {isa = PBXBuildFile; fileRef = 3E2D8E051D2128E000312E21 /* CoreGraphics.framework */; };
		3E3FF9171CA2E5050070F6A5 /* libiconv.tbd in Frameworks */ = {isa = PBXBuildFile; fileRef = 3E3FF9161CA2E5050070F6A5 /* libiconv.tbd */; };
		3E3FF91B1CA2E5120070F6A5 /* libz.tbd in Frameworks */ = {isa = PBXBuildFile; fileRef = 3E3FF91A1CA2E5120070F6A5 /* libz.tbd */; };
		3E546C3F1CF9CD9A0080C584 /* corner_mask.png in Resources */ = {isa = PBXBuildFile; fileRef = 3E546C3E1CF9CD9A0080C584 /* corner_mask.png */; };
		3E546C411CF9E06B0080C584 /* test_mask.png in Resources */ = {isa = PBXBuildFile; fileRef = 3E546C401CF9E06B0080C584 /* test_mask.png */; };
		3E5CEB681D1D326900F38EF6 /* TestViewController.cpp in Sources */ = {isa = PBXBuildFile; fileRef = 3E5CEB661D1D326900F38EF6 /* TestViewController.cpp */; };
		3E8D12001CBF922200EC385D /* main.cpp in Sources */ = {isa = PBXBuildFile; fileRef = 3E8D11FF1CBF922200EC385D /* main.cpp */; };
		3EAA6CDA1CA23E050037291F /* XDUILIB.bundle in Resources */ = {isa = PBXBuildFile; fileRef = 3EAA6CD91CA23E050037291F /* XDUILIB.bundle */; };
		3EAA6D051CA24A1D0037291F /* UIKit.framework in Frameworks */ = {isa = PBXBuildFile; fileRef = 3EAA6D041CA24A1D0037291F /* UIKit.framework */; };
		3EAA6D071CA24A2D0037291F /* QuartzCore.framework in Frameworks */ = {isa = PBXBuildFile; fileRef = 3EAA6D061CA24A2D0037291F /* QuartzCore.framework */; };
		3EAA6D091CA24A350037291F /* OpenGLES.framework in Frameworks */ = {isa = PBXBuildFile; fileRef = 3EAA6D081CA24A350037291F /* OpenGLES.framework */; };
		3EAC43B81D1164E000CED2EA /* ChatClient.cpp in Sources */ = {isa = PBXBuildFile; fileRef = 3EAC43B61D1164E000CED2EA /* ChatClient.cpp */; };
		3EB510081CE8B9BB003FF455 /* LoginViewController.cpp in Sources */ = {isa = PBXBuildFile; fileRef = 3EB510061CE8B9BB003FF455 /* LoginViewController.cpp */; };
		3EB5100D1CE8B9CA003FF455 /* login_bkg.png in Resources */ = {isa = PBXBuildFile; fileRef = 3EB510091CE8B9CA003FF455 /* login_bkg.png */; };
		3EB5100E1CE8B9CA003FF455 /* login_edit.png in Resources */ = {isa = PBXBuildFile; fileRef = 3EB5100A1CE8B9CA003FF455 /* login_edit.png */; };
		3EB5100F1CE8B9CA003FF455 /* test.jpg in Resources */ = {isa = PBXBuildFile; fileRef = 3EB5100B1CE8B9CA003FF455 /* test.jpg */; };
		3EB510101CE8B9CA003FF455 /* test.png in Resources */ = {isa = PBXBuildFile; fileRef = 3EB5100C1CE8B9CA003FF455 /* test.png */; };
/* End PBXBuildFile section */

/* Begin PBXFileReference section */
		3E1416941C9AC4F600A84DF1 /* Images.xcassets */ = {isa = PBXFileReference; lastKnownFileType = folder.assetcatalog; path = Images.xcassets; sourceTree = "<group>"; };
		3E1416961C9AC54F00A84DF1 /* Launch Screen.storyboard */ = {isa = PBXFileReference; fileEncoding = 4; lastKnownFileType = file.storyboard; path = "Launch Screen.storyboard"; sourceTree = "<group>"; };
		3E16D6AA1CA9FAB200F84510 /* libXDUILib.a */ = {isa = PBXFileReference; lastKnownFileType = archive.ar; name = libXDUILib.a; path = "../Build/Products/Release-iphonesimulator/libXDUILib.a"; sourceTree = "<group>"; };
		3E18FA1C1CFBE31D00FB3249 /* libXDUILib.a */ = {isa = PBXFileReference; lastKnownFileType = archive.ar; name = libXDUILib.a; path = "../Build/Products/Release-iphoneos/libXDUILib.a"; sourceTree = "<group>"; };
		3E21D10E1CAAC7F600590427 /* GLKit.framework */ = {isa = PBXFileReference; lastKnownFileType = wrapper.framework; name = GLKit.framework; path = System/Library/Frameworks/GLKit.framework; sourceTree = SDKROOT; };
		3E2D8E051D2128E000312E21 /* CoreGraphics.framework */ = {isa = PBXFileReference; lastKnownFileType = wrapper.framework; name = CoreGraphics.framework; path = System/Library/Frameworks/CoreGraphics.framework; sourceTree = SDKROOT; };
		3E3FF9161CA2E5050070F6A5 /* libiconv.tbd */ = {isa = PBXFileReference; lastKnownFileType = "sourcecode.text-based-dylib-definition"; name = libiconv.tbd; path = usr/lib/libiconv.tbd; sourceTree = SDKROOT; };
		3E3FF91A1CA2E5120070F6A5 /* libz.tbd */ = {isa = PBXFileReference; lastKnownFileType = "sourcecode.text-based-dylib-definition"; name = libz.tbd; path = usr/lib/libz.tbd; sourceTree = SDKROOT; };
		3E546C3E1CF9CD9A0080C584 /* corner_mask.png */ = {isa = PBXFileReference; lastKnownFileType = image.png; name = corner_mask.png; path = ../../../../TestRes/corner_mask.png; sourceTree = "<group>"; };
		3E546C401CF9E06B0080C584 /* test_mask.png */ = {isa = PBXFileReference; lastKnownFileType = image.png; name = test_mask.png; path = ../../../../TestRes/test_mask.png; sourceTree = "<group>"; };
		3E5CEB661D1D326900F38EF6 /* TestViewController.cpp */ = {isa = PBXFileReference; fileEncoding = 4; lastKnownFileType = sourcecode.cpp.cpp; path = TestViewController.cpp; sourceTree = "<group>"; };
		3E5CEB671D1D326900F38EF6 /* TestViewController.hpp */ = {isa = PBXFileReference; fileEncoding = 4; lastKnownFileType = sourcecode.cpp.h; path = TestViewController.hpp; sourceTree = "<group>"; };
		3E8D11FF1CBF922200EC385D /* main.cpp */ = {isa = PBXFileReference; explicitFileType = sourcecode.cpp.objcpp; fileEncoding = 4; name = main.cpp; path = ../../../../TestCode/main.cpp; sourceTree = "<group>"; };
		3E9A4BCF1C9A9B1900CB59AD /* TestUI.app */ = {isa = PBXFileReference; explicitFileType = wrapper.application; includeInIndex = 0; path = TestUI.app; sourceTree = BUILT_PRODUCTS_DIR; };
		3E9A4BE31C9A9B1900CB59AD /* Info.plist */ = {isa = PBXFileReference; lastKnownFileType = text.plist.xml; path = Info.plist; sourceTree = "<group>"; };
		3EAA6CD91CA23E050037291F /* XDUILIB.bundle */ = {isa = PBXFileReference; lastKnownFileType = "wrapper.plug-in"; name = XDUILIB.bundle; path = "/Users/ximiao/GCD-dispatch-/XDUILIB.bundle"; sourceTree = "<absolute>"; };
		3EAA6D041CA24A1D0037291F /* UIKit.framework */ = {isa = PBXFileReference; lastKnownFileType = wrapper.framework; name = UIKit.framework; path = System/Library/Frameworks/UIKit.framework; sourceTree = SDKROOT; };
		3EAA6D061CA24A2D0037291F /* QuartzCore.framework */ = {isa = PBXFileReference; lastKnownFileType = wrapper.framework; name = QuartzCore.framework; path = System/Library/Frameworks/QuartzCore.framework; sourceTree = SDKROOT; };
		3EAA6D081CA24A350037291F /* OpenGLES.framework */ = {isa = PBXFileReference; lastKnownFileType = wrapper.framework; name = OpenGLES.framework; path = System/Library/Frameworks/OpenGLES.framework; sourceTree = SDKROOT; };
		3EAC43B61D1164E000CED2EA /* ChatClient.cpp */ = {isa = PBXFileReference; fileEncoding = 4; lastKnownFileType = sourcecode.cpp.cpp; path = ChatClient.cpp; sourceTree = "<group>"; };
		3EAC43B71D1164E000CED2EA /* ChatClient.hpp */ = {isa = PBXFileReference; fileEncoding = 4; lastKnownFileType = sourcecode.cpp.h; path = ChatClient.hpp; sourceTree = "<group>"; };
		3EB510061CE8B9BB003FF455 /* LoginViewController.cpp */ = {isa = PBXFileReference; fileEncoding = 4; lastKnownFileType = sourcecode.cpp.cpp; name = LoginViewController.cpp; path = ../../../../TestCode/LoginViewController.cpp; sourceTree = "<group>"; };
		3EB510071CE8B9BB003FF455 /* LoginViewController.hpp */ = {isa = PBXFileReference; fileEncoding = 4; lastKnownFileType = sourcecode.cpp.h; name = LoginViewController.hpp; path = ../../../../TestCode/LoginViewController.hpp; sourceTree = "<group>"; };
		3EB510091CE8B9CA003FF455 /* login_bkg.png */ = {isa = PBXFileReference; lastKnownFileType = image.png; name = login_bkg.png; path = ../../../../TestRes/login_bkg.png; sourceTree = "<group>"; };
		3EB5100A1CE8B9CA003FF455 /* login_edit.png */ = {isa = PBXFileReference; lastKnownFileType = image.png; name = login_edit.png; path = ../../../../TestRes/login_edit.png; sourceTree = "<group>"; };
		3EB5100B1CE8B9CA003FF455 /* test.jpg */ = {isa = PBXFileReference; lastKnownFileType = image.jpeg; name = test.jpg; path = ../../../../TestRes/test.jpg; sourceTree = "<group>"; };
		3EB5100C1CE8B9CA003FF455 /* test.png */ = {isa = PBXFileReference; lastKnownFileType = image.png; name = test.png; path = ../../../../TestRes/test.png; sourceTree = "<group>"; };
/* End PBXFileReference section */

/* Begin PBXFrameworksBuildPhase section */
		3E9A4BCC1C9A9B1900CB59AD /* Frameworks */ = {
			isa = PBXFrameworksBuildPhase;
			buildActionMask = 2147483647;
			files = (
				3E2D8E061D2128E000312E21 /* CoreGraphics.framework in Frameworks */,
				3E18FA1D1CFBE31D00FB3249 /* libXDUILib.a in Frameworks */,
				3E21D10F1CAAC7F600590427 /* GLKit.framework in Frameworks */,
				3E3FF91B1CA2E5120070F6A5 /* libz.tbd in Frameworks */,
				3E3FF9171CA2E5050070F6A5 /* libiconv.tbd in Frameworks */,
				3EAA6D091CA24A350037291F /* OpenGLES.framework in Frameworks */,
				3EAA6D071CA24A2D0037291F /* QuartzCore.framework in Frameworks */,
				3EAA6D051CA24A1D0037291F /* UIKit.framework in Frameworks */,
			);
			runOnlyForDeploymentPostprocessing = 0;
		};
/* End PBXFrameworksBuildPhase section */

/* Begin PBXGroup section */
		3E9A4BC61C9A9B1900CB59AD = {
			isa = PBXGroup;
			children = (
				3E2D8E051D2128E000312E21 /* CoreGraphics.framework */,
				3E18FA1C1CFBE31D00FB3249 /* libXDUILib.a */,
				3E21D10E1CAAC7F600590427 /* GLKit.framework */,
				3E3FF91A1CA2E5120070F6A5 /* libz.tbd */,
				3E3FF9161CA2E5050070F6A5 /* libiconv.tbd */,
				3E16D6AA1CA9FAB200F84510 /* libXDUILib.a */,
				3EAA6D081CA24A350037291F /* OpenGLES.framework */,
				3EAA6D061CA24A2D0037291F /* QuartzCore.framework */,
				3EAA6D041CA24A1D0037291F /* UIKit.framework */,
				3EAA6CD91CA23E050037291F /* XDUILIB.bundle */,
				3E1416961C9AC54F00A84DF1 /* Launch Screen.storyboard */,
				3E9A4BD11C9A9B1900CB59AD /* TestUI */,
				3E9A4BD01C9A9B1900CB59AD /* Products */,
			);
			sourceTree = "<group>";
		};
		3E9A4BD01C9A9B1900CB59AD /* Products */ = {
			isa = PBXGroup;
			children = (
				3E9A4BCF1C9A9B1900CB59AD /* TestUI.app */,
			);
			name = Products;
			sourceTree = "<group>";
		};
		3E9A4BD11C9A9B1900CB59AD /* TestUI */ = {
			isa = PBXGroup;
			children = (
				3E546C401CF9E06B0080C584 /* test_mask.png */,
				3E546C3E1CF9CD9A0080C584 /* corner_mask.png */,
				3EB510091CE8B9CA003FF455 /* login_bkg.png */,
				3EB5100A1CE8B9CA003FF455 /* login_edit.png */,
				3EB5100B1CE8B9CA003FF455 /* test.jpg */,
				3EB5100C1CE8B9CA003FF455 /* test.png */,
				3EB510061CE8B9BB003FF455 /* LoginViewController.cpp */,
				3EB510071CE8B9BB003FF455 /* LoginViewController.hpp */,
				3E8D11FF1CBF922200EC385D /* main.cpp */,
				3E9A4BE31C9A9B1900CB59AD /* Info.plist */,
				3E1416941C9AC4F600A84DF1 /* Images.xcassets */,
				3E9A4BD21C9A9B1900CB59AD /* Supporting Files */,
				3EAC43B61D1164E000CED2EA /* ChatClient.cpp */,
				3EAC43B71D1164E000CED2EA /* ChatClient.hpp */,
				3E5CEB661D1D326900F38EF6 /* TestViewController.cpp */,
				3E5CEB671D1D326900F38EF6 /* TestViewController.hpp */,
			);
			path = TestUI;
			sourceTree = "<group>";
		};
		3E9A4BD21C9A9B1900CB59AD /* Supporting Files */ = {
			isa = PBXGroup;
			children = (
			);
			name = "Supporting Files";
			sourceTree = "<group>";
		};
/* End PBXGroup section */

/* Begin PBXNativeTarget section */
		3E9A4BCE1C9A9B1900CB59AD /* TestUI */ = {
			isa = PBXNativeTarget;
			buildConfigurationList = 3E9A4BE61C9A9B1900CB59AD /* Build configuration list for PBXNativeTarget "TestUI" */;
			buildPhases = (
				3E9A4BCB1C9A9B1900CB59AD /* Sources */,
				3E9A4BCC1C9A9B1900CB59AD /* Frameworks */,
				3E9A4BCD1C9A9B1900CB59AD /* Resources */,
			);
			buildRules = (
			);
			dependencies = (
			);
			name = TestUI;
			productName = TestUI;
			productReference = 3E9A4BCF1C9A9B1900CB59AD /* TestUI.app */;
			productType = "com.apple.product-type.application";
		};
/* End PBXNativeTarget section */

/* Begin PBXProject section */
		3E9A4BC71C9A9B1900CB59AD /* Project object */ = {
			isa = PBXProject;
			attributes = {
				LastUpgradeCheck = 0720;
				ORGANIZATIONNAME = wudijimao;
				TargetAttributes = {
					3E9A4BCE1C9A9B1900CB59AD = {
						CreatedOnToolsVersion = 7.2;
						DevelopmentTeam = 26NS455T8K;
					};
				};
			};
			buildConfigurationList = 3E9A4BCA1C9A9B1900CB59AD /* Build configuration list for PBXProject "TestUI" */;
			compatibilityVersion = "Xcode 3.2";
			developmentRegion = English;
			hasScannedForEncodings = 0;
			knownRegions = (
				en,
				Base,
			);
			mainGroup = 3E9A4BC61C9A9B1900CB59AD;
			productRefGroup = 3E9A4BD01C9A9B1900CB59AD /* Products */;
			projectDirPath = "";
			projectRoot = "";
			targets = (
				3E9A4BCE1C9A9B1900CB59AD /* TestUI */,
			);
		};
/* End PBXProject section */

/* Begin PBXResourcesBuildPhase section */
		3E9A4BCD1C9A9B1900CB59AD /* Resources */ = {
			isa = PBXResourcesBuildPhase;
			buildActionMask = 2147483647;
			files = (
				3EB5100D1CE8B9CA003FF455 /* login_bkg.png in Resources */,
				3EB5100F1CE8B9CA003FF455 /* test.jpg in Resources */,
				3EB510101CE8B9CA003FF455 /* test.png in Resources */,
				3E1416971C9AC54F00A84DF1 /* Launch Screen.storyboard in Resources */,
				3EAA6CDA1CA23E050037291F /* XDUILIB.bundle in Resources */,
				3E1416951C9AC4F600A84DF1 /* Images.xcassets in Resources */,
				3E546C3F1CF9CD9A0080C584 /* corner_mask.png in Resources */,
				3EB5100E1CE8B9CA003FF455 /* login_edit.png in Resources */,
				3E546C411CF9E06B0080C584 /* test_mask.png in Resources */,
			);
			runOnlyForDeploymentPostprocessing = 0;
		};
/* End PBXResourcesBuildPhase section */

/* Begin PBXSourcesBuildPhase section */
		3E9A4BCB1C9A9B1900CB59AD /* Sources */ = {
			isa = PBXSourcesBuildPhase;
			buildActionMask = 2147483647;
			files = (
				3EB510081CE8B9BB003FF455 /* LoginViewController.cpp in Sources */,
				3E8D12001CBF922200EC385D /* main.cpp in Sources */,
				3E5CEB681D1D326900F38EF6 /* TestViewController.cpp in Sources */,
				3EAC43B81D1164E000CED2EA /* ChatClient.cpp in Sources */,
			);
			runOnlyForDeploymentPostprocessing = 0;
		};
/* End PBXSourcesBuildPhase section */

/* Begin XCBuildConfiguration section */
		3E9A4BE41C9A9B1900CB59AD /* Debug */ = {
			isa = XCBuildConfiguration;
			buildSettings = {
				ALWAYS_SEARCH_USER_PATHS = NO;
				CLANG_CXX_LANGUAGE_STANDARD = "gnu++0x";
				CLANG_CXX_LIBRARY = "libc++";
				CLANG_ENABLE_MODULES = YES;
				CLANG_ENABLE_OBJC_ARC = YES;
				CLANG_WARN_BOOL_CONVERSION = YES;
				CLANG_WARN_CONSTANT_CONVERSION = YES;
				CLANG_WARN_DIRECT_OBJC_ISA_USAGE = YES_ERROR;
				CLANG_WARN_EMPTY_BODY = YES;
				CLANG_WARN_ENUM_CONVERSION = YES;
				CLANG_WARN_INT_CONVERSION = YES;
				CLANG_WARN_OBJC_ROOT_CLASS = YES_ERROR;
				CLANG_WARN_UNREACHABLE_CODE = YES;
				CLANG_WARN__DUPLICATE_METHOD_MATCH = YES;
				"CODE_SIGN_IDENTITY[sdk=iphoneos*]" = "iPhone Developer";
				COMPRESS_PNG_FILES = NO;
				COPY_PHASE_STRIP = NO;
				DEBUG_INFORMATION_FORMAT = dwarf;
				ENABLE_STRICT_OBJC_MSGSEND = YES;
				ENABLE_TESTABILITY = YES;
				GCC_C_LANGUAGE_STANDARD = gnu99;
				GCC_DYNAMIC_NO_PIC = NO;
				GCC_NO_COMMON_BLOCKS = YES;
				GCC_OPTIMIZATION_LEVEL = 0;
				GCC_PREFIX_HEADER = "";
				GCC_PREPROCESSOR_DEFINITIONS = (
					"DEBUG=1",
					"$(inherited)",
				);
				GCC_WARN_64_TO_32_BIT_CONVERSION = YES;
				GCC_WARN_ABOUT_RETURN_TYPE = YES_ERROR;
				GCC_WARN_UNDECLARED_SELECTOR = YES;
				GCC_WARN_UNINITIALIZED_AUTOS = YES_AGGRESSIVE;
				GCC_WARN_UNUSED_FUNCTION = YES;
				GCC_WARN_UNUSED_VARIABLE = YES;
				IPHONEOS_DEPLOYMENT_TARGET = 9.2;
				MTL_ENABLE_DEBUG_INFO = YES;
				ONLY_ACTIVE_ARCH = YES;
				SDKROOT = iphoneos;
				STRIP_PNG_TEXT = NO;
				USER_HEADER_SEARCH_PATHS = "$(PROJECT_DIR)/../../../ThirdParty/ $(PROJECT_DIR)/../../../ThirdParty/asio";
			};
			name = Debug;
		};
		3E9A4BE51C9A9B1900CB59AD /* Release */ = {
			isa = XCBuildConfiguration;
			buildSettings = {
				ALWAYS_SEARCH_USER_PATHS = NO;
				CLANG_CXX_LANGUAGE_STANDARD = "gnu++0x";
				CLANG_CXX_LIBRARY = "libc++";
				CLANG_ENABLE_MODULES = YES;
				CLANG_ENABLE_OBJC_ARC = YES;
				CLANG_WARN_BOOL_CONVERSION = YES;
				CLANG_WARN_CONSTANT_CONVERSION = YES;
				CLANG_WARN_DIRECT_OBJC_ISA_USAGE = YES_ERROR;
				CLANG_WARN_EMPTY_BODY = YES;
				CLANG_WARN_ENUM_CONVERSION = YES;
				CLANG_WARN_INT_CONVERSION = YES;
				CLANG_WARN_OBJC_ROOT_CLASS = YES_ERROR;
				CLANG_WARN_UNREACHABLE_CODE = YES;
				CLANG_WARN__DUPLICATE_METHOD_MATCH = YES;
				"CODE_SIGN_IDENTITY[sdk=iphoneos*]" = "iPhone Developer";
				COMPRESS_PNG_FILES = NO;
				COPY_PHASE_STRIP = NO;
				DEBUG_INFORMATION_FORMAT = "dwarf-with-dsym";
				ENABLE_NS_ASSERTIONS = NO;
				ENABLE_STRICT_OBJC_MSGSEND = YES;
				GCC_C_LANGUAGE_STANDARD = gnu99;
				GCC_NO_COMMON_BLOCKS = YES;
				GCC_PREFIX_HEADER = "";
				GCC_WARN_64_TO_32_BIT_CONVERSION = YES;
				GCC_WARN_ABOUT_RETURN_TYPE = YES_ERROR;
				GCC_WARN_UNDECLARED_SELECTOR = YES;
				GCC_WARN_UNINITIALIZED_AUTOS = YES_AGGRESSIVE;
				GCC_WARN_UNUSED_FUNCTION = YES;
				GCC_WARN_UNUSED_VARIABLE = YES;
				IPHONEOS_DEPLOYMENT_TARGET = 9.2;
				MTL_ENABLE_DEBUG_INFO = NO;
				SDKROOT = iphoneos;
				STRIP_PNG_TEXT = NO;
				USER_HEADER_SEARCH_PATHS = "$(PROJECT_DIR)/../../../ThirdParty/ $(PROJECT_DIR)/../../../ThirdParty/asio";
				VALIDATE_PRODUCT = YES;
			};
			name = Release;
		};
		3E9A4BE71C9A9B1900CB59AD /* Debug */ = {
			isa = XCBuildConfiguration;
			buildSettings = {
				ASSETCATALOG_COMPILER_APPICON_NAME = AppIcon;
				COMPRESS_PNG_FILES = NO;
				ENABLE_BITCODE = NO;
				GCC_PREPROCESSOR_DEFINITIONS = (
					TARGET_OS_IPHONE,
					"DEBUG=1",
				);
				HEADER_SEARCH_PATHS = "/Users/ximiao/GCD-dispatch-/include";
				INFOPLIST_FILE = TestUI/Info.plist;
				IPHONEOS_DEPLOYMENT_TARGET = 8.0;
				LD_RUNPATH_SEARCH_PATHS = "$(inherited) @executable_path/Frameworks";
				LIBRARY_SEARCH_PATHS = (
					"$(inherited)",
					"$(PROJECT_DIR)",
					"/Users/ximiao/GCD-dispatch-/TestGCDCPP/ThirdParty/ios/giflib/build/Release-iphonesimulator/",
				);
				ONLY_ACTIVE_ARCH = YES;
				PRODUCT_BUNDLE_IDENTIFIER = moemiku.TestUI;
				PRODUCT_NAME = "$(TARGET_NAME)";
			};
			name = Debug;
		};
		3E9A4BE81C9A9B1900CB59AD /* Release */ = {
			isa = XCBuildConfiguration;
			buildSettings = {
				ASSETCATALOG_COMPILER_APPICON_NAME = AppIcon;
				COMPRESS_PNG_FILES = NO;
				ENABLE_BITCODE = NO;
				GCC_PREPROCESSOR_DEFINITIONS = TARGET_OS_IPHONE;
				HEADER_SEARCH_PATHS = "/Users/ximiao/GCD-dispatch-/include";
				INFOPLIST_FILE = TestUI/Info.plist;
				IPHONEOS_DEPLOYMENT_TARGET = 8.0;
				LD_RUNPATH_SEARCH_PATHS = "$(inherited) @executable_path/Frameworks";
				LIBRARY_SEARCH_PATHS = (
					"$(inherited)",
					"$(PROJECT_DIR)",
					"/Users/ximiao/GCD-dispatch-/TestGCDCPP/ThirdParty/ios/giflib/build/Release-iphonesimulator/",
				);
				PRODUCT_BUNDLE_IDENTIFIER = moemiku.TestUI;
				PRODUCT_NAME = "$(TARGET_NAME)";
			};
			name = Release;
		};
/* End XCBuildConfiguration section */

/* Begin XCConfigurationList section */
		3E9A4BCA1C9A9B1900CB59AD /* Build configuration list for PBXProject "TestUI" */ = {
			isa = XCConfigurationList;
			buildConfigurations = (
				3E9A4BE41C9A9B1900CB59AD /* Debug */,
				3E9A4BE51C9A9B1900CB59AD /* Release */,
			);
			defaultConfigurationIsVisible = 0;
			defaultConfigurationName = Release;
		};
		3E9A4BE61C9A9B1900CB59AD /* Build configuration list for PBXNativeTarget "TestUI" */ = {
			isa = XCConfigurationList;
			buildConfigurations = (
				3E9A4BE71C9A9B1900CB59AD /* Debug */,
				3E9A4BE81C9A9B1900CB59AD /* Release */,
			);
			defaultConfigurationIsVisible = 0;
			defaultConfigurationName = Release;
		};
/* End XCConfigurationList section */
	};
	rootObject = 3E9A4BC71C9A9B1900CB59AD /* Project object */;
}
